// !$*UTF8*$!
{
	archiveVersion = 1;
	classes = {
	};
	objectVersion = 46;
	objects = {

/* Begin PBXBuildFile section */
		1AC6FB21180E996B004C840B /* libcocos2d Mac.a in Frameworks */ = {isa = PBXBuildFile; fileRef = 1AC6FAF9180E9839004C840B /* libcocos2d Mac.a */; };
		1AC6FB30180E99EB004C840B /* libcocos2d iOS.a in Frameworks */ = {isa = PBXBuildFile; fileRef = 1AC6FB07180E9839004C840B /* libcocos2d iOS.a */; };
		1D60589F0D05DD5A006BFB54 /* Foundation.framework in Frameworks */ = {isa = PBXBuildFile; fileRef = 1D30AB110D05D00D00671497 /* Foundation.framework */; };
		1DF5F4E00D08C38300B7A737 /* UIKit.framework in Frameworks */ = {isa = PBXBuildFile; fileRef = 1DF5F4DF0D08C38300B7A737 /* UIKit.framework */; };
		288765A50DF7441C002DB57D /* CoreGraphics.framework in Frameworks */ = {isa = PBXBuildFile; fileRef = 288765A40DF7441C002DB57D /* CoreGraphics.framework */; };
		3EACC98F19EE6D4300EB3C5E /* res in Resources */ = {isa = PBXBuildFile; fileRef = 3EACC98E19EE6D4300EB3C5E /* res */; };
		3EACC99019EE6D4300EB3C5E /* res in Resources */ = {isa = PBXBuildFile; fileRef = 3EACC98E19EE6D4300EB3C5E /* res */; };
		46880B7B19C43A67006E1F66 /* CloseNormal.png in Resources */ = {isa = PBXBuildFile; fileRef = 46880B7619C43A67006E1F66 /* CloseNormal.png */; };
		46880B7C19C43A67006E1F66 /* CloseNormal.png in Resources */ = {isa = PBXBuildFile; fileRef = 46880B7619C43A67006E1F66 /* CloseNormal.png */; };
		46880B7D19C43A67006E1F66 /* CloseSelected.png in Resources */ = {isa = PBXBuildFile; fileRef = 46880B7719C43A67006E1F66 /* CloseSelected.png */; };
		46880B7E19C43A67006E1F66 /* CloseSelected.png in Resources */ = {isa = PBXBuildFile; fileRef = 46880B7719C43A67006E1F66 /* CloseSelected.png */; };
		46880B8119C43A67006E1F66 /* HelloWorld.png in Resources */ = {isa = PBXBuildFile; fileRef = 46880B7A19C43A67006E1F66 /* HelloWorld.png */; };
		46880B8219C43A67006E1F66 /* HelloWorld.png in Resources */ = {isa = PBXBuildFile; fileRef = 46880B7A19C43A67006E1F66 /* HelloWorld.png */; };
		46880B8819C43A87006E1F66 /* AppDelegate.cpp in Sources */ = {isa = PBXBuildFile; fileRef = 46880B8419C43A87006E1F66 /* AppDelegate.cpp */; };
		46880B8919C43A87006E1F66 /* AppDelegate.cpp in Sources */ = {isa = PBXBuildFile; fileRef = 46880B8419C43A87006E1F66 /* AppDelegate.cpp */; };
		46880B8A19C43A87006E1F66 /* HelloWorldScene.cpp in Sources */ = {isa = PBXBuildFile; fileRef = 46880B8619C43A87006E1F66 /* HelloWorldScene.cpp */; };
		46880B8B19C43A87006E1F66 /* HelloWorldScene.cpp in Sources */ = {isa = PBXBuildFile; fileRef = 46880B8619C43A87006E1F66 /* HelloWorldScene.cpp */; };
		503AE0F817EB97AB00D1A890 /* Icon.icns in Resources */ = {isa = PBXBuildFile; fileRef = 503AE0F617EB97AB00D1A890 /* Icon.icns */; };
		503AE10017EB989F00D1A890 /* AppController.mm in Sources */ = {isa = PBXBuildFile; fileRef = 503AE0FB17EB989F00D1A890 /* AppController.mm */; };
		503AE10117EB989F00D1A890 /* main.m in Sources */ = {isa = PBXBuildFile; fileRef = 503AE0FC17EB989F00D1A890 /* main.m */; };
		503AE10217EB989F00D1A890 /* RootViewController.mm in Sources */ = {isa = PBXBuildFile; fileRef = 503AE0FF17EB989F00D1A890 /* RootViewController.mm */; };
		503AE10517EB98FF00D1A890 /* main.cpp in Sources */ = {isa = PBXBuildFile; fileRef = 503AE10317EB98FF00D1A890 /* main.cpp */; };
		503AE11B17EB9C5A00D1A890 /* IOKit.framework in Frameworks */ = {isa = PBXBuildFile; fileRef = 503AE11A17EB9C5A00D1A890 /* IOKit.framework */; };
		5087E76317EB910900C73F5D /* Foundation.framework in Frameworks */ = {isa = PBXBuildFile; fileRef = 1D30AB110D05D00D00671497 /* Foundation.framework */; };
		5087E76717EB910900C73F5D /* libz.dylib in Frameworks */ = {isa = PBXBuildFile; fileRef = BF170DB412928DE900B8313A /* libz.dylib */; };
		5087E76817EB910900C73F5D /* QuartzCore.framework in Frameworks */ = {isa = PBXBuildFile; fileRef = BF1C47EA1293683800B63C5D /* QuartzCore.framework */; };
		5087E76917EB910900C73F5D /* OpenAL.framework in Frameworks */ = {isa = PBXBuildFile; fileRef = D44C620B132DFF330009C878 /* OpenAL.framework */; };
		5087E76A17EB910900C73F5D /* AVFoundation.framework in Frameworks */ = {isa = PBXBuildFile; fileRef = D44C620D132DFF430009C878 /* AVFoundation.framework */; };
		5087E76B17EB910900C73F5D /* AudioToolbox.framework in Frameworks */ = {isa = PBXBuildFile; fileRef = D44C620F132DFF4E0009C878 /* AudioToolbox.framework */; };
		5087E77D17EB970100C73F5D /* Default-568h@2x.png in Resources */ = {isa = PBXBuildFile; fileRef = 5087E77217EB970100C73F5D /* Default-568h@2x.png */; };
		5087E77E17EB970100C73F5D /* Default.png in Resources */ = {isa = PBXBuildFile; fileRef = 5087E77317EB970100C73F5D /* Default.png */; };
		5087E77F17EB970100C73F5D /* Default@2x.png in Resources */ = {isa = PBXBuildFile; fileRef = 5087E77417EB970100C73F5D /* Default@2x.png */; };
		5087E78017EB970100C73F5D /* Icon-114.png in Resources */ = {isa = PBXBuildFile; fileRef = 5087E77517EB970100C73F5D /* Icon-114.png */; };
		5087E78117EB970100C73F5D /* Icon-120.png in Resources */ = {isa = PBXBuildFile; fileRef = 5087E77617EB970100C73F5D /* Icon-120.png */; };
		5087E78217EB970100C73F5D /* Icon-144.png in Resources */ = {isa = PBXBuildFile; fileRef = 5087E77717EB970100C73F5D /* Icon-144.png */; };
		5087E78317EB970100C73F5D /* Icon-152.png in Resources */ = {isa = PBXBuildFile; fileRef = 5087E77817EB970100C73F5D /* Icon-152.png */; };
		5087E78417EB970100C73F5D /* Icon-57.png in Resources */ = {isa = PBXBuildFile; fileRef = 5087E77917EB970100C73F5D /* Icon-57.png */; };
		5087E78517EB970100C73F5D /* Icon-72.png in Resources */ = {isa = PBXBuildFile; fileRef = 5087E77A17EB970100C73F5D /* Icon-72.png */; };
		5087E78617EB970100C73F5D /* Icon-76.png in Resources */ = {isa = PBXBuildFile; fileRef = 5087E77B17EB970100C73F5D /* Icon-76.png */; };
		5087E78917EB974C00C73F5D /* AppKit.framework in Frameworks */ = {isa = PBXBuildFile; fileRef = 5087E78817EB974C00C73F5D /* AppKit.framework */; };
		5087E78B17EB975400C73F5D /* OpenGL.framework in Frameworks */ = {isa = PBXBuildFile; fileRef = 5087E78A17EB975400C73F5D /* OpenGL.framework */; };
		50EF629617ECD46A001EB2F8 /* Icon-40.png in Resources */ = {isa = PBXBuildFile; fileRef = 50EF629217ECD46A001EB2F8 /* Icon-40.png */; };
		50EF629717ECD46A001EB2F8 /* Icon-58.png in Resources */ = {isa = PBXBuildFile; fileRef = 50EF629317ECD46A001EB2F8 /* Icon-58.png */; };
		50EF629817ECD46A001EB2F8 /* Icon-80.png in Resources */ = {isa = PBXBuildFile; fileRef = 50EF629417ECD46A001EB2F8 /* Icon-80.png */; };
		50EF629917ECD46A001EB2F8 /* Icon-100.png in Resources */ = {isa = PBXBuildFile; fileRef = 50EF629517ECD46A001EB2F8 /* Icon-100.png */; };
		50EF62A217ECD613001EB2F8 /* Icon-29.png in Resources */ = {isa = PBXBuildFile; fileRef = 50EF62A017ECD613001EB2F8 /* Icon-29.png */; };
		50EF62A317ECD613001EB2F8 /* Icon-50.png in Resources */ = {isa = PBXBuildFile; fileRef = 50EF62A117ECD613001EB2F8 /* Icon-50.png */; };
		521A8E6419F0C34300D177D7 /* Default-667h@2x.png in Resources */ = {isa = PBXBuildFile; fileRef = 521A8E6219F0C34300D177D7 /* Default-667h@2x.png */; };
		521A8E6519F0C34300D177D7 /* Default-736h@3x.png in Resources */ = {isa = PBXBuildFile; fileRef = 521A8E6319F0C34300D177D7 /* Default-736h@3x.png */; };
		521A8EA919F11F5000D177D7 /* fonts in Resources */ = {isa = PBXBuildFile; fileRef = 521A8EA819F11F5000D177D7 /* fonts */; };
		521A8EAA19F11F5000D177D7 /* fonts in Resources */ = {isa = PBXBuildFile; fileRef = 521A8EA819F11F5000D177D7 /* fonts */; };
		52B47A471A53D09C004E4C60 /* Security.framework in Frameworks */ = {isa = PBXBuildFile; fileRef = 52B47A461A53D09B004E4C60 /* Security.framework */; };
		5946C0D61C1451D700DCFD86 /* libCommon-cpp_debug_iphoneos.a in Frameworks */ = {isa = PBXBuildFile; fileRef = 5946B3191C1451C600DCFD86 /* libCommon-cpp_debug_iphoneos.a */; };
		5946C0D71C1451D700DCFD86 /* libCommon-cpp_debug_iphonesimulator.a in Frameworks */ = {isa = PBXBuildFile; fileRef = 5946B31A1C1451C600DCFD86 /* libCommon-cpp_debug_iphonesimulator.a */; };
		5946C0D81C1451D700DCFD86 /* libCommon-cpp_release_iphoneos.a in Frameworks */ = {isa = PBXBuildFile; fileRef = 5946B31B1C1451C600DCFD86 /* libCommon-cpp_release_iphoneos.a */; };
		5946C0D91C1451D700DCFD86 /* libCommon-cpp_release_iphonesimulator.a in Frameworks */ = {isa = PBXBuildFile; fileRef = 5946B31C1C1451C600DCFD86 /* libCommon-cpp_release_iphonesimulator.a */; };
		5946CA4F1C1451D800DCFD86 /* libPhoton-cpp_debug_iphoneos.a in Frameworks */ = {isa = PBXBuildFile; fileRef = 5946C09B1C1451D700DCFD86 /* libPhoton-cpp_debug_iphoneos.a */; };
		5946CA501C1451D800DCFD86 /* libPhoton-cpp_debug_iphonesimulator.a in Frameworks */ = {isa = PBXBuildFile; fileRef = 5946C09C1C1451D700DCFD86 /* libPhoton-cpp_debug_iphonesimulator.a */; };
		5946CA511C1451D800DCFD86 /* libPhoton-cpp_release_iphoneos.a in Frameworks */ = {isa = PBXBuildFile; fileRef = 5946C09D1C1451D700DCFD86 /* libPhoton-cpp_release_iphoneos.a */; };
		5946CA521C1451D800DCFD86 /* libPhoton-cpp_release_iphonesimulator.a in Frameworks */ = {isa = PBXBuildFile; fileRef = 5946C09E1C1451D700DCFD86 /* libPhoton-cpp_release_iphonesimulator.a */; };
		59CB6E1F1C16029300C8D368 /* NetworkLogic.cpp in Sources */ = {isa = PBXBuildFile; fileRef = 59CB6E1D1C16029300C8D368 /* NetworkLogic.cpp */; };
		59CB6E4D1C16BA5400C8D368 /* libLoadBalancing-cpp_debug_iphoneos.a in Frameworks */ = {isa = PBXBuildFile; fileRef = 59CB6E491C16BA5400C8D368 /* libLoadBalancing-cpp_debug_iphoneos.a */; };
		59CB6E4E1C16BA5400C8D368 /* libLoadBalancing-cpp_debug_iphonesimulator.a in Frameworks */ = {isa = PBXBuildFile; fileRef = 59CB6E4A1C16BA5400C8D368 /* libLoadBalancing-cpp_debug_iphonesimulator.a */; };
		59CB6E4F1C16BA5400C8D368 /* libLoadBalancing-cpp_release_iphoneos.a in Frameworks */ = {isa = PBXBuildFile; fileRef = 59CB6E4B1C16BA5400C8D368 /* libLoadBalancing-cpp_release_iphoneos.a */; };
		59CB6E501C16BA5400C8D368 /* libLoadBalancing-cpp_release_iphonesimulator.a in Frameworks */ = {isa = PBXBuildFile; fileRef = 59CB6E4C1C16BA5400C8D368 /* libLoadBalancing-cpp_release_iphonesimulator.a */; };
		8262943E1AAF051F00CB7CF7 /* Security.framework in Frameworks */ = {isa = PBXBuildFile; fileRef = 8262943D1AAF051F00CB7CF7 /* Security.framework */; };
		BF171245129291EC00B8313A /* OpenGLES.framework in Frameworks */ = {isa = PBXBuildFile; fileRef = BF170DB012928DE900B8313A /* OpenGLES.framework */; };
		BF1712471292920000B8313A /* libz.dylib in Frameworks */ = {isa = PBXBuildFile; fileRef = BF170DB412928DE900B8313A /* libz.dylib */; };
		BF1C47F01293687400B63C5D /* QuartzCore.framework in Frameworks */ = {isa = PBXBuildFile; fileRef = BF1C47EA1293683800B63C5D /* QuartzCore.framework */; };
		D44C620C132DFF330009C878 /* OpenAL.framework in Frameworks */ = {isa = PBXBuildFile; fileRef = D44C620B132DFF330009C878 /* OpenAL.framework */; };
		D44C620E132DFF430009C878 /* AVFoundation.framework in Frameworks */ = {isa = PBXBuildFile; fileRef = D44C620D132DFF430009C878 /* AVFoundation.framework */; };
		D44C6210132DFF4E0009C878 /* AudioToolbox.framework in Frameworks */ = {isa = PBXBuildFile; fileRef = D44C620F132DFF4E0009C878 /* AudioToolbox.framework */; };
		D6B0611B1803AB670077942B /* CoreMotion.framework in Frameworks */ = {isa = PBXBuildFile; fileRef = D6B0611A1803AB670077942B /* CoreMotion.framework */; };
		ED545A7C1B68A1F400C3958E /* libiconv.dylib in Frameworks */ = {isa = PBXBuildFile; fileRef = ED545A7B1B68A1F400C3958E /* libiconv.dylib */; };
		ED545A7E1B68A1FA00C3958E /* libiconv.dylib in Frameworks */ = {isa = PBXBuildFile; fileRef = ED545A7D1B68A1FA00C3958E /* libiconv.dylib */; };
/* End PBXBuildFile section */

/* Begin PBXContainerItemProxy section */
		1AC6FAF8180E9839004C840B /* PBXContainerItemProxy */ = {
			isa = PBXContainerItemProxy;
			containerPortal = 1AC6FAE5180E9839004C840B /* cocos2d_libs.xcodeproj */;
			proxyType = 2;
			remoteGlobalIDString = 1551A33F158F2AB200E66CFE;
			remoteInfo = "cocos2dx Mac";
		};
		1AC6FB06180E9839004C840B /* PBXContainerItemProxy */ = {
			isa = PBXContainerItemProxy;
			containerPortal = 1AC6FAE5180E9839004C840B /* cocos2d_libs.xcodeproj */;
			proxyType = 2;
			remoteGlobalIDString = A07A4D641783777C0073F6A7;
			remoteInfo = "cocos2dx iOS";
		};
		1AC6FB15180E9959004C840B /* PBXContainerItemProxy */ = {
			isa = PBXContainerItemProxy;
			containerPortal = 1AC6FAE5180E9839004C840B /* cocos2d_libs.xcodeproj */;
			proxyType = 1;
			remoteGlobalIDString = 1551A33E158F2AB200E66CFE;
			remoteInfo = "cocos2dx Mac";
		};
		1AC6FB24180E99E1004C840B /* PBXContainerItemProxy */ = {
			isa = PBXContainerItemProxy;
			containerPortal = 1AC6FAE5180E9839004C840B /* cocos2d_libs.xcodeproj */;
			proxyType = 1;
			remoteGlobalIDString = A07A4C241783777C0073F6A7;
			remoteInfo = "cocos2dx iOS";
		};
/* End PBXContainerItemProxy section */

/* Begin PBXFileReference section */
		1AC6FAE5180E9839004C840B /* cocos2d_libs.xcodeproj */ = {isa = PBXFileReference; lastKnownFileType = "wrapper.pb-project"; name = cocos2d_libs.xcodeproj; path = ../cocos2d/build/cocos2d_libs.xcodeproj; sourceTree = "<group>"; };
		1ACB3243164770DE00914215 /* libcurl.a */ = {isa = PBXFileReference; lastKnownFileType = archive.ar; name = libcurl.a; path = ../../cocos2dx/platform/third_party/ios/libraries/libcurl.a; sourceTree = "<group>"; };
		1D30AB110D05D00D00671497 /* Foundation.framework */ = {isa = PBXFileReference; lastKnownFileType = wrapper.framework; name = Foundation.framework; path = System/Library/Frameworks/Foundation.framework; sourceTree = SDKROOT; };
		1D6058910D05DD3D006BFB54 /* MyPhoton-mobile.app */ = {isa = PBXFileReference; explicitFileType = wrapper.application; includeInIndex = 0; path = "MyPhoton-mobile.app"; sourceTree = BUILT_PRODUCTS_DIR; };
		1DF5F4DF0D08C38300B7A737 /* UIKit.framework */ = {isa = PBXFileReference; lastKnownFileType = wrapper.framework; name = UIKit.framework; path = System/Library/Frameworks/UIKit.framework; sourceTree = SDKROOT; };
		288765A40DF7441C002DB57D /* CoreGraphics.framework */ = {isa = PBXFileReference; lastKnownFileType = wrapper.framework; name = CoreGraphics.framework; path = System/Library/Frameworks/CoreGraphics.framework; sourceTree = SDKROOT; };
		3EACC98E19EE6D4300EB3C5E /* res */ = {isa = PBXFileReference; lastKnownFileType = folder; path = res; sourceTree = "<group>"; };
		46880B7619C43A67006E1F66 /* CloseNormal.png */ = {isa = PBXFileReference; lastKnownFileType = image.png; path = CloseNormal.png; sourceTree = "<group>"; };
		46880B7719C43A67006E1F66 /* CloseSelected.png */ = {isa = PBXFileReference; lastKnownFileType = image.png; path = CloseSelected.png; sourceTree = "<group>"; };
		46880B7A19C43A67006E1F66 /* HelloWorld.png */ = {isa = PBXFileReference; lastKnownFileType = image.png; path = HelloWorld.png; sourceTree = "<group>"; };
		46880B8419C43A87006E1F66 /* AppDelegate.cpp */ = {isa = PBXFileReference; fileEncoding = 4; lastKnownFileType = sourcecode.cpp.cpp; path = AppDelegate.cpp; sourceTree = "<group>"; };
		46880B8519C43A87006E1F66 /* AppDelegate.h */ = {isa = PBXFileReference; fileEncoding = 4; lastKnownFileType = sourcecode.c.h; path = AppDelegate.h; sourceTree = "<group>"; };
		46880B8619C43A87006E1F66 /* HelloWorldScene.cpp */ = {isa = PBXFileReference; fileEncoding = 4; lastKnownFileType = sourcecode.cpp.cpp; path = HelloWorldScene.cpp; sourceTree = "<group>"; };
		46880B8719C43A87006E1F66 /* HelloWorldScene.h */ = {isa = PBXFileReference; fileEncoding = 4; lastKnownFileType = sourcecode.c.h; path = HelloWorldScene.h; sourceTree = "<group>"; };
		503AE0F617EB97AB00D1A890 /* Icon.icns */ = {isa = PBXFileReference; lastKnownFileType = image.icns; path = Icon.icns; sourceTree = "<group>"; };
		503AE0F717EB97AB00D1A890 /* Info.plist */ = {isa = PBXFileReference; fileEncoding = 4; lastKnownFileType = text.plist.xml; path = Info.plist; sourceTree = "<group>"; };
		503AE0FA17EB989F00D1A890 /* AppController.h */ = {isa = PBXFileReference; fileEncoding = 4; lastKnownFileType = sourcecode.c.h; name = AppController.h; path = ios/AppController.h; sourceTree = SOURCE_ROOT; };
		503AE0FB17EB989F00D1A890 /* AppController.mm */ = {isa = PBXFileReference; fileEncoding = 4; lastKnownFileType = sourcecode.cpp.objcpp; name = AppController.mm; path = ios/AppController.mm; sourceTree = SOURCE_ROOT; };
		503AE0FC17EB989F00D1A890 /* main.m */ = {isa = PBXFileReference; fileEncoding = 4; lastKnownFileType = sourcecode.c.objc; name = main.m; path = ios/main.m; sourceTree = SOURCE_ROOT; };
		503AE0FD17EB989F00D1A890 /* Prefix.pch */ = {isa = PBXFileReference; fileEncoding = 4; lastKnownFileType = sourcecode.c.h; name = Prefix.pch; path = ios/Prefix.pch; sourceTree = SOURCE_ROOT; };
		503AE0FE17EB989F00D1A890 /* RootViewController.h */ = {isa = PBXFileReference; fileEncoding = 4; lastKnownFileType = sourcecode.c.h; name = RootViewController.h; path = ios/RootViewController.h; sourceTree = SOURCE_ROOT; };
		503AE0FF17EB989F00D1A890 /* RootViewController.mm */ = {isa = PBXFileReference; fileEncoding = 4; lastKnownFileType = sourcecode.cpp.objcpp; name = RootViewController.mm; path = ios/RootViewController.mm; sourceTree = SOURCE_ROOT; };
		503AE10317EB98FF00D1A890 /* main.cpp */ = {isa = PBXFileReference; fileEncoding = 4; lastKnownFileType = sourcecode.cpp.cpp; name = main.cpp; path = mac/main.cpp; sourceTree = "<group>"; };
		503AE10417EB98FF00D1A890 /* Prefix.pch */ = {isa = PBXFileReference; fileEncoding = 4; lastKnownFileType = sourcecode.c.h; name = Prefix.pch; path = mac/Prefix.pch; sourceTree = "<group>"; };
		503AE11117EB99EE00D1A890 /* libcurl.dylib */ = {isa = PBXFileReference; lastKnownFileType = "compiled.mach-o.dylib"; name = libcurl.dylib; path = usr/lib/libcurl.dylib; sourceTree = SDKROOT; };
		503AE11A17EB9C5A00D1A890 /* IOKit.framework */ = {isa = PBXFileReference; lastKnownFileType = wrapper.framework; name = IOKit.framework; path = System/Library/Frameworks/IOKit.framework; sourceTree = SDKROOT; };
		5087E76F17EB910900C73F5D /* MyPhoton-desktop.app */ = {isa = PBXFileReference; explicitFileType = wrapper.application; includeInIndex = 0; path = "MyPhoton-desktop.app"; sourceTree = BUILT_PRODUCTS_DIR; };
		5087E77217EB970100C73F5D /* Default-568h@2x.png */ = {isa = PBXFileReference; lastKnownFileType = image.png; path = "Default-568h@2x.png"; sourceTree = "<group>"; };
		5087E77317EB970100C73F5D /* Default.png */ = {isa = PBXFileReference; lastKnownFileType = image.png; path = Default.png; sourceTree = "<group>"; };
		5087E77417EB970100C73F5D /* Default@2x.png */ = {isa = PBXFileReference; lastKnownFileType = image.png; path = "Default@2x.png"; sourceTree = "<group>"; };
		5087E77517EB970100C73F5D /* Icon-114.png */ = {isa = PBXFileReference; lastKnownFileType = image.png; path = "Icon-114.png"; sourceTree = "<group>"; };
		5087E77617EB970100C73F5D /* Icon-120.png */ = {isa = PBXFileReference; lastKnownFileType = image.png; path = "Icon-120.png"; sourceTree = "<group>"; };
		5087E77717EB970100C73F5D /* Icon-144.png */ = {isa = PBXFileReference; lastKnownFileType = image.png; path = "Icon-144.png"; sourceTree = "<group>"; };
		5087E77817EB970100C73F5D /* Icon-152.png */ = {isa = PBXFileReference; lastKnownFileType = image.png; path = "Icon-152.png"; sourceTree = "<group>"; };
		5087E77917EB970100C73F5D /* Icon-57.png */ = {isa = PBXFileReference; lastKnownFileType = image.png; path = "Icon-57.png"; sourceTree = "<group>"; };
		5087E77A17EB970100C73F5D /* Icon-72.png */ = {isa = PBXFileReference; lastKnownFileType = image.png; path = "Icon-72.png"; sourceTree = "<group>"; };
		5087E77B17EB970100C73F5D /* Icon-76.png */ = {isa = PBXFileReference; lastKnownFileType = image.png; path = "Icon-76.png"; sourceTree = "<group>"; };
		5087E77C17EB970100C73F5D /* Info.plist */ = {isa = PBXFileReference; fileEncoding = 4; lastKnownFileType = text.plist.xml; path = Info.plist; sourceTree = "<group>"; };
		5087E78817EB974C00C73F5D /* AppKit.framework */ = {isa = PBXFileReference; lastKnownFileType = wrapper.framework; name = AppKit.framework; path = System/Library/Frameworks/AppKit.framework; sourceTree = SDKROOT; };
		5087E78A17EB975400C73F5D /* OpenGL.framework */ = {isa = PBXFileReference; lastKnownFileType = wrapper.framework; name = OpenGL.framework; path = System/Library/Frameworks/OpenGL.framework; sourceTree = SDKROOT; };
		50EF629217ECD46A001EB2F8 /* Icon-40.png */ = {isa = PBXFileReference; lastKnownFileType = image.png; path = "Icon-40.png"; sourceTree = "<group>"; };
		50EF629317ECD46A001EB2F8 /* Icon-58.png */ = {isa = PBXFileReference; lastKnownFileType = image.png; path = "Icon-58.png"; sourceTree = "<group>"; };
		50EF629417ECD46A001EB2F8 /* Icon-80.png */ = {isa = PBXFileReference; lastKnownFileType = image.png; path = "Icon-80.png"; sourceTree = "<group>"; };
		50EF629517ECD46A001EB2F8 /* Icon-100.png */ = {isa = PBXFileReference; lastKnownFileType = image.png; path = "Icon-100.png"; sourceTree = "<group>"; };
		50EF62A017ECD613001EB2F8 /* Icon-29.png */ = {isa = PBXFileReference; lastKnownFileType = image.png; path = "Icon-29.png"; sourceTree = "<group>"; };
		50EF62A117ECD613001EB2F8 /* Icon-50.png */ = {isa = PBXFileReference; lastKnownFileType = image.png; path = "Icon-50.png"; sourceTree = "<group>"; };
		521A8E6219F0C34300D177D7 /* Default-667h@2x.png */ = {isa = PBXFileReference; lastKnownFileType = image.png; path = "Default-667h@2x.png"; sourceTree = "<group>"; };
		521A8E6319F0C34300D177D7 /* Default-736h@3x.png */ = {isa = PBXFileReference; lastKnownFileType = image.png; path = "Default-736h@3x.png"; sourceTree = "<group>"; };
		521A8EA819F11F5000D177D7 /* fonts */ = {isa = PBXFileReference; lastKnownFileType = folder; path = fonts; sourceTree = "<group>"; };
		52B47A461A53D09B004E4C60 /* Security.framework */ = {isa = PBXFileReference; lastKnownFileType = wrapper.framework; name = Security.framework; path = Platforms/iPhoneOS.platform/Developer/SDKs/iPhoneOS8.1.sdk/System/Library/Frameworks/Security.framework; sourceTree = DEVELOPER_DIR; };
		5946B2DA1C1451C600DCFD86 /* ANSIString.h */ = {isa = PBXFileReference; fileEncoding = 4; lastKnownFileType = sourcecode.c.h; path = ANSIString.h; sourceTree = "<group>"; };
		5946B2DB1C1451C600DCFD86 /* Base.h */ = {isa = PBXFileReference; fileEncoding = 4; lastKnownFileType = sourcecode.c.h; path = Base.h; sourceTree = "<group>"; };
		5946B2DC1C1451C600DCFD86 /* BaseCharString.h */ = {isa = PBXFileReference; fileEncoding = 4; lastKnownFileType = sourcecode.c.h; path = BaseCharString.h; sourceTree = "<group>"; };
		5946B2DD1C1451C600DCFD86 /* BaseListener.h */ = {isa = PBXFileReference; fileEncoding = 4; lastKnownFileType = sourcecode.c.h; path = BaseListener.h; sourceTree = "<group>"; };
		5946B2DE1C1451C600DCFD86 /* Common.h */ = {isa = PBXFileReference; fileEncoding = 4; lastKnownFileType = sourcecode.c.h; path = Common.h; sourceTree = "<group>"; };
		5946B2DF1C1451C600DCFD86 /* CustomType.h */ = {isa = PBXFileReference; fileEncoding = 4; lastKnownFileType = sourcecode.c.h; path = CustomType.h; sourceTree = "<group>"; };
		5946B2E01C1451C600DCFD86 /* CustomTypeBase.h */ = {isa = PBXFileReference; fileEncoding = 4; lastKnownFileType = sourcecode.c.h; path = CustomTypeBase.h; sourceTree = "<group>"; };
		5946B2E11C1451C600DCFD86 /* CustomTypeFactory.h */ = {isa = PBXFileReference; fileEncoding = 4; lastKnownFileType = sourcecode.c.h; path = CustomTypeFactory.h; sourceTree = "<group>"; };
		5946B2E21C1451C600DCFD86 /* defines.h */ = {isa = PBXFileReference; fileEncoding = 4; lastKnownFileType = sourcecode.c.h; path = defines.h; sourceTree = "<group>"; };
		5946B2E31C1451C600DCFD86 /* DeSerializer.h */ = {isa = PBXFileReference; fileEncoding = 4; lastKnownFileType = sourcecode.c.h; path = DeSerializer.h; sourceTree = "<group>"; };
		5946B2E41C1451C600DCFD86 /* Dictionary.h */ = {isa = PBXFileReference; fileEncoding = 4; lastKnownFileType = sourcecode.c.h; path = Dictionary.h; sourceTree = "<group>"; };
		5946B2E51C1451C600DCFD86 /* DictionaryBase.h */ = {isa = PBXFileReference; fileEncoding = 4; lastKnownFileType = sourcecode.c.h; path = DictionaryBase.h; sourceTree = "<group>"; };
		5946B2E61C1451C600DCFD86 /* EGTime.h */ = {isa = PBXFileReference; fileEncoding = 4; lastKnownFileType = sourcecode.c.h; path = EGTime.h; sourceTree = "<group>"; };
		5946B2E81C1451C600DCFD86 /* DebugLevel.h */ = {isa = PBXFileReference; fileEncoding = 4; lastKnownFileType = sourcecode.c.h; path = DebugLevel.h; sourceTree = "<group>"; };
		5946B2E91C1451C600DCFD86 /* TypeCode.h */ = {isa = PBXFileReference; fileEncoding = 4; lastKnownFileType = sourcecode.c.h; path = TypeCode.h; sourceTree = "<group>"; };
		5946B2EA1C1451C600DCFD86 /* Hashtable.h */ = {isa = PBXFileReference; fileEncoding = 4; lastKnownFileType = sourcecode.c.h; path = Hashtable.h; sourceTree = "<group>"; };
		5946B2EC1C1451C600DCFD86 /* ArrayLengthType.h */ = {isa = PBXFileReference; fileEncoding = 4; lastKnownFileType = sourcecode.c.h; path = ArrayLengthType.h; sourceTree = "<group>"; };
		5946B2ED1C1451C600DCFD86 /* CompileTimeAssertTrue.h */ = {isa = PBXFileReference; fileEncoding = 4; lastKnownFileType = sourcecode.c.h; path = CompileTimeAssertTrue.h; sourceTree = "<group>"; };
		5946B2EE1C1451C600DCFD86 /* ConfirmAllowed.h */ = {isa = PBXFileReference; fileEncoding = 4; lastKnownFileType = sourcecode.c.h; path = ConfirmAllowed.h; sourceTree = "<group>"; };
		5946B2EF1C1451C600DCFD86 /* ConfirmAllowedKey.h */ = {isa = PBXFileReference; fileEncoding = 4; lastKnownFileType = sourcecode.c.h; path = ConfirmAllowedKey.h; sourceTree = "<group>"; };
		5946B2F01C1451C600DCFD86 /* CustomTypeCallbackWrapper.h */ = {isa = PBXFileReference; fileEncoding = 4; lastKnownFileType = sourcecode.c.h; path = CustomTypeCallbackWrapper.h; sourceTree = "<group>"; };
		5946B2F11C1451C600DCFD86 /* Data.h */ = {isa = PBXFileReference; fileEncoding = 4; lastKnownFileType = sourcecode.c.h; path = Data.h; sourceTree = "<group>"; };
		5946B2F21C1451C600DCFD86 /* debug_assert.h */ = {isa = PBXFileReference; fileEncoding = 4; lastKnownFileType = sourcecode.c.h; path = debug_assert.h; sourceTree = "<group>"; };
		5946B2F31C1451C600DCFD86 /* DeSerializerImplementation.h */ = {isa = PBXFileReference; fileEncoding = 4; lastKnownFileType = sourcecode.c.h; path = DeSerializerImplementation.h; sourceTree = "<group>"; };
		5946B2F41C1451C600DCFD86 /* EnableIf.h */ = {isa = PBXFileReference; fileEncoding = 4; lastKnownFileType = sourcecode.c.h; path = EnableIf.h; sourceTree = "<group>"; };
		5946B2F51C1451C600DCFD86 /* EndianCorrectCast.h */ = {isa = PBXFileReference; fileEncoding = 4; lastKnownFileType = sourcecode.c.h; path = EndianCorrectCast.h; sourceTree = "<group>"; };
		5946B2F61C1451C600DCFD86 /* EndianCorrectCastImplementation.h */ = {isa = PBXFileReference; fileEncoding = 4; lastKnownFileType = sourcecode.c.h; path = EndianCorrectCastImplementation.h; sourceTree = "<group>"; };
		5946B2F71C1451C600DCFD86 /* IsDerivedFrom.h */ = {isa = PBXFileReference; fileEncoding = 4; lastKnownFileType = sourcecode.c.h; path = IsDerivedFrom.h; sourceTree = "<group>"; };
		5946B2F81C1451C600DCFD86 /* IsPrimitiveType.h */ = {isa = PBXFileReference; fileEncoding = 4; lastKnownFileType = sourcecode.c.h; path = IsPrimitiveType.h; sourceTree = "<group>"; };
		5946B2F91C1451C600DCFD86 /* KeyToObject.h */ = {isa = PBXFileReference; fileEncoding = 4; lastKnownFileType = sourcecode.c.h; path = KeyToObject.h; sourceTree = "<group>"; };
		5946B2FA1C1451C600DCFD86 /* MathHelper.h */ = {isa = PBXFileReference; fileEncoding = 4; lastKnownFileType = sourcecode.c.h; path = MathHelper.h; sourceTree = "<group>"; };
		5946B2FB1C1451C600DCFD86 /* ObjectToStringConverter.h */ = {isa = PBXFileReference; fileEncoding = 4; lastKnownFileType = sourcecode.c.h; path = ObjectToStringConverter.h; sourceTree = "<group>"; };
		5946B2FC1C1451C600DCFD86 /* PrimitiveToStringConverter.h */ = {isa = PBXFileReference; fileEncoding = 4; lastKnownFileType = sourcecode.c.h; path = PrimitiveToStringConverter.h; sourceTree = "<group>"; };
		5946B2FD1C1451C600DCFD86 /* RemoveConst.h */ = {isa = PBXFileReference; fileEncoding = 4; lastKnownFileType = sourcecode.c.h; path = RemoveConst.h; sourceTree = "<group>"; };
		5946B2FE1C1451C600DCFD86 /* RemovePointer.h */ = {isa = PBXFileReference; fileEncoding = 4; lastKnownFileType = sourcecode.c.h; path = RemovePointer.h; sourceTree = "<group>"; };
		5946B2FF1C1451C600DCFD86 /* SerializerImplementation.h */ = {isa = PBXFileReference; fileEncoding = 4; lastKnownFileType = sourcecode.c.h; path = SerializerImplementation.h; sourceTree = "<group>"; };
		5946B3001C1451C600DCFD86 /* Thread.h */ = {isa = PBXFileReference; fileEncoding = 4; lastKnownFileType = sourcecode.c.h; path = Thread.h; sourceTree = "<group>"; };
		5946B3011C1451C600DCFD86 /* ToStringImplementation.h */ = {isa = PBXFileReference; fileEncoding = 4; lastKnownFileType = sourcecode.c.h; path = ToStringImplementation.h; sourceTree = "<group>"; };
		5946B3021C1451C600DCFD86 /* TypeName.h */ = {isa = PBXFileReference; fileEncoding = 4; lastKnownFileType = sourcecode.c.h; path = TypeName.h; sourceTree = "<group>"; };
		5946B3031C1451C600DCFD86 /* ValueToObject.h */ = {isa = PBXFileReference; fileEncoding = 4; lastKnownFileType = sourcecode.c.h; path = ValueToObject.h; sourceTree = "<group>"; };
		5946B3041C1451C600DCFD86 /* JString.h */ = {isa = PBXFileReference; fileEncoding = 4; lastKnownFileType = sourcecode.c.h; path = JString.h; sourceTree = "<group>"; };
		5946B3051C1451C600DCFD86 /* JVector.h */ = {isa = PBXFileReference; fileEncoding = 4; lastKnownFileType = sourcecode.c.h; path = JVector.h; sourceTree = "<group>"; };
		5946B3061C1451C600DCFD86 /* KeyObject.h */ = {isa = PBXFileReference; fileEncoding = 4; lastKnownFileType = sourcecode.c.h; path = KeyObject.h; sourceTree = "<group>"; };
		5946B3071C1451C600DCFD86 /* Logger.h */ = {isa = PBXFileReference; fileEncoding = 4; lastKnownFileType = sourcecode.c.h; path = Logger.h; sourceTree = "<group>"; };
		5946B3091C1451C600DCFD86 /* Allocate.h */ = {isa = PBXFileReference; fileEncoding = 4; lastKnownFileType = sourcecode.c.h; path = Allocate.h; sourceTree = "<group>"; };
		5946B30B1C1451C600DCFD86 /* Entry.h */ = {isa = PBXFileReference; fileEncoding = 4; lastKnownFileType = sourcecode.c.h; path = Entry.h; sourceTree = "<group>"; };
		5946B30C1C1451C600DCFD86 /* Interface.h */ = {isa = PBXFileReference; fileEncoding = 4; lastKnownFileType = sourcecode.c.h; path = Interface.h; sourceTree = "<group>"; };
		5946B30D1C1451C600DCFD86 /* MemoryPool.h */ = {isa = PBXFileReference; fileEncoding = 4; lastKnownFileType = sourcecode.c.h; path = MemoryPool.h; sourceTree = "<group>"; };
		5946B30E1C1451C600DCFD86 /* MemoryPoolManager.h */ = {isa = PBXFileReference; fileEncoding = 4; lastKnownFileType = sourcecode.c.h; path = MemoryPoolManager.h; sourceTree = "<group>"; };
		5946B30F1C1451C600DCFD86 /* RawStorage.h */ = {isa = PBXFileReference; fileEncoding = 4; lastKnownFileType = sourcecode.c.h; path = RawStorage.h; sourceTree = "<group>"; };
		5946B3101C1451C600DCFD86 /* Object.h */ = {isa = PBXFileReference; fileEncoding = 4; lastKnownFileType = sourcecode.c.h; path = Object.h; sourceTree = "<group>"; };
		5946B3111C1451C600DCFD86 /* platform_definition.h */ = {isa = PBXFileReference; fileEncoding = 4; lastKnownFileType = sourcecode.c.h; path = platform_definition.h; sourceTree = "<group>"; };
		5946B3121C1451C600DCFD86 /* platformLayer.h */ = {isa = PBXFileReference; fileEncoding = 4; lastKnownFileType = sourcecode.c.h; path = platformLayer.h; sourceTree = "<group>"; };
		5946B3131C1451C600DCFD86 /* porting.h */ = {isa = PBXFileReference; fileEncoding = 4; lastKnownFileType = sourcecode.c.h; path = porting.h; sourceTree = "<group>"; };
		5946B3141C1451C600DCFD86 /* Serializer.h */ = {isa = PBXFileReference; fileEncoding = 4; lastKnownFileType = sourcecode.c.h; path = Serializer.h; sourceTree = "<group>"; };
		5946B3151C1451C600DCFD86 /* ToString.h */ = {isa = PBXFileReference; fileEncoding = 4; lastKnownFileType = sourcecode.c.h; path = ToString.h; sourceTree = "<group>"; };
		5946B3161C1451C600DCFD86 /* UTF8String.h */ = {isa = PBXFileReference; fileEncoding = 4; lastKnownFileType = sourcecode.c.h; path = UTF8String.h; sourceTree = "<group>"; };
		5946B3171C1451C600DCFD86 /* ValueObject.h */ = {isa = PBXFileReference; fileEncoding = 4; lastKnownFileType = sourcecode.c.h; path = ValueObject.h; sourceTree = "<group>"; };
		5946B3191C1451C600DCFD86 /* libCommon-cpp_debug_iphoneos.a */ = {isa = PBXFileReference; lastKnownFileType = archive.ar; path = "libCommon-cpp_debug_iphoneos.a"; sourceTree = "<group>"; };
		5946B31A1C1451C600DCFD86 /* libCommon-cpp_debug_iphonesimulator.a */ = {isa = PBXFileReference; lastKnownFileType = archive.ar; path = "libCommon-cpp_debug_iphonesimulator.a"; sourceTree = "<group>"; };
		5946B31B1C1451C600DCFD86 /* libCommon-cpp_release_iphoneos.a */ = {isa = PBXFileReference; lastKnownFileType = archive.ar; path = "libCommon-cpp_release_iphoneos.a"; sourceTree = "<group>"; };
		5946B31C1C1451C600DCFD86 /* libCommon-cpp_release_iphonesimulator.a */ = {isa = PBXFileReference; lastKnownFileType = archive.ar; path = "libCommon-cpp_release_iphonesimulator.a"; sourceTree = "<group>"; };
		5946C0871C1451D700DCFD86 /* ConnectionProtocol.h */ = {isa = PBXFileReference; fileEncoding = 4; lastKnownFileType = sourcecode.c.h; path = ConnectionProtocol.h; sourceTree = "<group>"; };
		5946C0881C1451D700DCFD86 /* ErrorCode.h */ = {isa = PBXFileReference; fileEncoding = 4; lastKnownFileType = sourcecode.c.h; path = ErrorCode.h; sourceTree = "<group>"; };
		5946C0891C1451D700DCFD86 /* EventCache.h */ = {isa = PBXFileReference; fileEncoding = 4; lastKnownFileType = sourcecode.c.h; path = EventCache.h; sourceTree = "<group>"; };
		5946C08A1C1451D700DCFD86 /* EventCode.h */ = {isa = PBXFileReference; fileEncoding = 4; lastKnownFileType = sourcecode.c.h; path = EventCode.h; sourceTree = "<group>"; };
		5946C08B1C1451D700DCFD86 /* EventKey.h */ = {isa = PBXFileReference; fileEncoding = 4; lastKnownFileType = sourcecode.c.h; path = EventKey.h; sourceTree = "<group>"; };
		5946C08C1C1451D700DCFD86 /* NetworkPort.h */ = {isa = PBXFileReference; fileEncoding = 4; lastKnownFileType = sourcecode.c.h; path = NetworkPort.h; sourceTree = "<group>"; };
		5946C08D1C1451D700DCFD86 /* OperationCode.h */ = {isa = PBXFileReference; fileEncoding = 4; lastKnownFileType = sourcecode.c.h; path = OperationCode.h; sourceTree = "<group>"; };
		5946C08E1C1451D700DCFD86 /* ParameterCode.h */ = {isa = PBXFileReference; fileEncoding = 4; lastKnownFileType = sourcecode.c.h; path = ParameterCode.h; sourceTree = "<group>"; };
		5946C08F1C1451D700DCFD86 /* PeerState.h */ = {isa = PBXFileReference; fileEncoding = 4; lastKnownFileType = sourcecode.c.h; path = PeerState.h; sourceTree = "<group>"; };
		5946C0901C1451D700DCFD86 /* ReceiverGroup.h */ = {isa = PBXFileReference; fileEncoding = 4; lastKnownFileType = sourcecode.c.h; path = ReceiverGroup.h; sourceTree = "<group>"; };
		5946C0911C1451D700DCFD86 /* StatusCode.h */ = {isa = PBXFileReference; fileEncoding = 4; lastKnownFileType = sourcecode.c.h; path = StatusCode.h; sourceTree = "<group>"; };
		5946C0921C1451D700DCFD86 /* EventData.h */ = {isa = PBXFileReference; fileEncoding = 4; lastKnownFileType = sourcecode.c.h; path = EventData.h; sourceTree = "<group>"; };
		5946C0931C1451D700DCFD86 /* LitePeer.h */ = {isa = PBXFileReference; fileEncoding = 4; lastKnownFileType = sourcecode.c.h; path = LitePeer.h; sourceTree = "<group>"; };
		5946C0941C1451D700DCFD86 /* OperationRequest.h */ = {isa = PBXFileReference; fileEncoding = 4; lastKnownFileType = sourcecode.c.h; path = OperationRequest.h; sourceTree = "<group>"; };
		5946C0951C1451D700DCFD86 /* OperationResponse.h */ = {isa = PBXFileReference; fileEncoding = 4; lastKnownFileType = sourcecode.c.h; path = OperationResponse.h; sourceTree = "<group>"; };
		5946C0961C1451D700DCFD86 /* PhotonListener.h */ = {isa = PBXFileReference; fileEncoding = 4; lastKnownFileType = sourcecode.c.h; path = PhotonListener.h; sourceTree = "<group>"; };
		5946C0971C1451D700DCFD86 /* PhotonPeer.h */ = {isa = PBXFileReference; fileEncoding = 4; lastKnownFileType = sourcecode.c.h; path = PhotonPeer.h; sourceTree = "<group>"; };
		5946C0981C1451D700DCFD86 /* TrafficStats.h */ = {isa = PBXFileReference; fileEncoding = 4; lastKnownFileType = sourcecode.c.h; path = TrafficStats.h; sourceTree = "<group>"; };
		5946C0991C1451D700DCFD86 /* TrafficStatsGameLevel.h */ = {isa = PBXFileReference; fileEncoding = 4; lastKnownFileType = sourcecode.c.h; path = TrafficStatsGameLevel.h; sourceTree = "<group>"; };
		5946C09B1C1451D700DCFD86 /* libPhoton-cpp_debug_iphoneos.a */ = {isa = PBXFileReference; lastKnownFileType = archive.ar; path = "libPhoton-cpp_debug_iphoneos.a"; sourceTree = "<group>"; };
		5946C09C1C1451D700DCFD86 /* libPhoton-cpp_debug_iphonesimulator.a */ = {isa = PBXFileReference; lastKnownFileType = archive.ar; path = "libPhoton-cpp_debug_iphonesimulator.a"; sourceTree = "<group>"; };
		5946C09D1C1451D700DCFD86 /* libPhoton-cpp_release_iphoneos.a */ = {isa = PBXFileReference; lastKnownFileType = archive.ar; path = "libPhoton-cpp_release_iphoneos.a"; sourceTree = "<group>"; };
		5946C09E1C1451D700DCFD86 /* libPhoton-cpp_release_iphonesimulator.a */ = {isa = PBXFileReference; lastKnownFileType = archive.ar; path = "libPhoton-cpp_release_iphonesimulator.a"; sourceTree = "<group>"; };
		59CB6E1D1C16029300C8D368 /* NetworkLogic.cpp */ = {isa = PBXFileReference; fileEncoding = 4; lastKnownFileType = sourcecode.cpp.cpp; path = NetworkLogic.cpp; sourceTree = "<group>"; };
		59CB6E1E1C16029300C8D368 /* NetworkLogic.h */ = {isa = PBXFileReference; fileEncoding = 4; lastKnownFileType = sourcecode.c.h; path = NetworkLogic.h; sourceTree = "<group>"; };
		59CB6E221C16BA5400C8D368 /* AuthenticationValues.h */ = {isa = PBXFileReference; fileEncoding = 4; lastKnownFileType = sourcecode.c.h; path = AuthenticationValues.h; sourceTree = "<group>"; };
		59CB6E231C16BA5400C8D368 /* Client.h */ = {isa = PBXFileReference; fileEncoding = 4; lastKnownFileType = sourcecode.c.h; path = Client.h; sourceTree = "<group>"; };
		59CB6E251C16BA5400C8D368 /* CustomAuthenticationType.h */ = {isa = PBXFileReference; fileEncoding = 4; lastKnownFileType = sourcecode.c.h; path = CustomAuthenticationType.h; sourceTree = "<group>"; };
		59CB6E261C16BA5400C8D368 /* DisconnectCause.h */ = {isa = PBXFileReference; fileEncoding = 4; lastKnownFileType = sourcecode.c.h; path = DisconnectCause.h; sourceTree = "<group>"; };
		59CB6E271C16BA5400C8D368 /* ErrorCode.h */ = {isa = PBXFileReference; fileEncoding = 4; lastKnownFileType = sourcecode.c.h; path = ErrorCode.h; sourceTree = "<group>"; };
		59CB6E281C16BA5400C8D368 /* LobbyType.h */ = {isa = PBXFileReference; fileEncoding = 4; lastKnownFileType = sourcecode.c.h; path = LobbyType.h; sourceTree = "<group>"; };
		59CB6E291C16BA5400C8D368 /* MatchmakingMode.h */ = {isa = PBXFileReference; fileEncoding = 4; lastKnownFileType = sourcecode.c.h; path = MatchmakingMode.h; sourceTree = "<group>"; };
		59CB6E2A1C16BA5400C8D368 /* PeerStates.h */ = {isa = PBXFileReference; fileEncoding = 4; lastKnownFileType = sourcecode.c.h; path = PeerStates.h; sourceTree = "<group>"; };
		59CB6E2B1C16BA5400C8D368 /* ServerType.h */ = {isa = PBXFileReference; fileEncoding = 4; lastKnownFileType = sourcecode.c.h; path = ServerType.h; sourceTree = "<group>"; };
		59CB6E2C1C16BA5400C8D368 /* FriendInfo.h */ = {isa = PBXFileReference; fileEncoding = 4; lastKnownFileType = sourcecode.c.h; path = FriendInfo.h; sourceTree = "<group>"; };
		59CB6E2E1C16BA5400C8D368 /* AuthenticationValuesSecretSetter.h */ = {isa = PBXFileReference; fileEncoding = 4; lastKnownFileType = sourcecode.c.h; path = AuthenticationValuesSecretSetter.h; sourceTree = "<group>"; };
		59CB6E301C16BA5400C8D368 /* EventCode.h */ = {isa = PBXFileReference; fileEncoding = 4; lastKnownFileType = sourcecode.c.h; path = EventCode.h; sourceTree = "<group>"; };
		59CB6E311C16BA5400C8D368 /* JoinType.h */ = {isa = PBXFileReference; fileEncoding = 4; lastKnownFileType = sourcecode.c.h; path = JoinType.h; sourceTree = "<group>"; };
		59CB6E321C16BA5400C8D368 /* OperationCode.h */ = {isa = PBXFileReference; fileEncoding = 4; lastKnownFileType = sourcecode.c.h; path = OperationCode.h; sourceTree = "<group>"; };
		59CB6E331C16BA5400C8D368 /* ParameterCode.h */ = {isa = PBXFileReference; fileEncoding = 4; lastKnownFileType = sourcecode.c.h; path = ParameterCode.h; sourceTree = "<group>"; };
		59CB6E351C16BA5400C8D368 /* Player.h */ = {isa = PBXFileReference; fileEncoding = 4; lastKnownFileType = sourcecode.c.h; path = Player.h; sourceTree = "<group>"; };
		59CB6E361C16BA5400C8D368 /* Room.h */ = {isa = PBXFileReference; fileEncoding = 4; lastKnownFileType = sourcecode.c.h; path = Room.h; sourceTree = "<group>"; };
		59CB6E371C16BA5400C8D368 /* MutablePlayerFactory.h */ = {isa = PBXFileReference; fileEncoding = 4; lastKnownFileType = sourcecode.c.h; path = MutablePlayerFactory.h; sourceTree = "<group>"; };
		59CB6E381C16BA5400C8D368 /* MutableRoomFactory.h */ = {isa = PBXFileReference; fileEncoding = 4; lastKnownFileType = sourcecode.c.h; path = MutableRoomFactory.h; sourceTree = "<group>"; };
		59CB6E391C16BA5400C8D368 /* PlayerFactory.h */ = {isa = PBXFileReference; fileEncoding = 4; lastKnownFileType = sourcecode.c.h; path = PlayerFactory.h; sourceTree = "<group>"; };
		59CB6E3A1C16BA5400C8D368 /* PlayerMovementInformant.h */ = {isa = PBXFileReference; fileEncoding = 4; lastKnownFileType = sourcecode.c.h; path = PlayerMovementInformant.h; sourceTree = "<group>"; };
		59CB6E3B1C16BA5400C8D368 /* PlayerPropertiesCacher.h */ = {isa = PBXFileReference; fileEncoding = 4; lastKnownFileType = sourcecode.c.h; path = PlayerPropertiesCacher.h; sourceTree = "<group>"; };
		59CB6E3C1C16BA5400C8D368 /* PlayerPropertiesUpdateInformant.h */ = {isa = PBXFileReference; fileEncoding = 4; lastKnownFileType = sourcecode.c.h; path = PlayerPropertiesUpdateInformant.h; sourceTree = "<group>"; };
		59CB6E3D1C16BA5400C8D368 /* RoomFactory.h */ = {isa = PBXFileReference; fileEncoding = 4; lastKnownFileType = sourcecode.c.h; path = RoomFactory.h; sourceTree = "<group>"; };
		59CB6E3E1C16BA5400C8D368 /* RoomPropertiesCacher.h */ = {isa = PBXFileReference; fileEncoding = 4; lastKnownFileType = sourcecode.c.h; path = RoomPropertiesCacher.h; sourceTree = "<group>"; };
		59CB6E3F1C16BA5400C8D368 /* Utils.h */ = {isa = PBXFileReference; fileEncoding = 4; lastKnownFileType = sourcecode.c.h; path = Utils.h; sourceTree = "<group>"; };
		59CB6E401C16BA5400C8D368 /* Listener.h */ = {isa = PBXFileReference; fileEncoding = 4; lastKnownFileType = sourcecode.c.h; path = Listener.h; sourceTree = "<group>"; };
		59CB6E411C16BA5400C8D368 /* LobbyStatsRequest.h */ = {isa = PBXFileReference; fileEncoding = 4; lastKnownFileType = sourcecode.c.h; path = LobbyStatsRequest.h; sourceTree = "<group>"; };
		59CB6E421C16BA5400C8D368 /* LobbyStatsResponse.h */ = {isa = PBXFileReference; fileEncoding = 4; lastKnownFileType = sourcecode.c.h; path = LobbyStatsResponse.h; sourceTree = "<group>"; };
		59CB6E431C16BA5400C8D368 /* MutablePlayer.h */ = {isa = PBXFileReference; fileEncoding = 4; lastKnownFileType = sourcecode.c.h; path = MutablePlayer.h; sourceTree = "<group>"; };
		59CB6E441C16BA5400C8D368 /* MutableRoom.h */ = {isa = PBXFileReference; fileEncoding = 4; lastKnownFileType = sourcecode.c.h; path = MutableRoom.h; sourceTree = "<group>"; };
		59CB6E451C16BA5400C8D368 /* Peer.h */ = {isa = PBXFileReference; fileEncoding = 4; lastKnownFileType = sourcecode.c.h; path = Peer.h; sourceTree = "<group>"; };
		59CB6E461C16BA5400C8D368 /* Player.h */ = {isa = PBXFileReference; fileEncoding = 4; lastKnownFileType = sourcecode.c.h; path = Player.h; sourceTree = "<group>"; };
		59CB6E471C16BA5400C8D368 /* Room.h */ = {isa = PBXFileReference; fileEncoding = 4; lastKnownFileType = sourcecode.c.h; path = Room.h; sourceTree = "<group>"; };
		59CB6E491C16BA5400C8D368 /* libLoadBalancing-cpp_debug_iphoneos.a */ = {isa = PBXFileReference; lastKnownFileType = archive.ar; path = "libLoadBalancing-cpp_debug_iphoneos.a"; sourceTree = "<group>"; };
		59CB6E4A1C16BA5400C8D368 /* libLoadBalancing-cpp_debug_iphonesimulator.a */ = {isa = PBXFileReference; lastKnownFileType = archive.ar; path = "libLoadBalancing-cpp_debug_iphonesimulator.a"; sourceTree = "<group>"; };
		59CB6E4B1C16BA5400C8D368 /* libLoadBalancing-cpp_release_iphoneos.a */ = {isa = PBXFileReference; lastKnownFileType = archive.ar; path = "libLoadBalancing-cpp_release_iphoneos.a"; sourceTree = "<group>"; };
		59CB6E4C1C16BA5400C8D368 /* libLoadBalancing-cpp_release_iphonesimulator.a */ = {isa = PBXFileReference; lastKnownFileType = archive.ar; path = "libLoadBalancing-cpp_release_iphonesimulator.a"; sourceTree = "<group>"; };
		8262943D1AAF051F00CB7CF7 /* Security.framework */ = {isa = PBXFileReference; lastKnownFileType = wrapper.framework; name = Security.framework; path = System/Library/Frameworks/Security.framework; sourceTree = SDKROOT; };
		BF170DB012928DE900B8313A /* OpenGLES.framework */ = {isa = PBXFileReference; lastKnownFileType = wrapper.framework; name = OpenGLES.framework; path = System/Library/Frameworks/OpenGLES.framework; sourceTree = SDKROOT; };
		BF170DB412928DE900B8313A /* libz.dylib */ = {isa = PBXFileReference; lastKnownFileType = "compiled.mach-o.dylib"; name = libz.dylib; path = usr/lib/libz.dylib; sourceTree = SDKROOT; };
		BF1C47EA1293683800B63C5D /* QuartzCore.framework */ = {isa = PBXFileReference; lastKnownFileType = wrapper.framework; name = QuartzCore.framework; path = System/Library/Frameworks/QuartzCore.framework; sourceTree = SDKROOT; };
		D44C620B132DFF330009C878 /* OpenAL.framework */ = {isa = PBXFileReference; lastKnownFileType = wrapper.framework; name = OpenAL.framework; path = System/Library/Frameworks/OpenAL.framework; sourceTree = SDKROOT; };
		D44C620D132DFF430009C878 /* AVFoundation.framework */ = {isa = PBXFileReference; lastKnownFileType = wrapper.framework; name = AVFoundation.framework; path = System/Library/Frameworks/AVFoundation.framework; sourceTree = SDKROOT; };
		D44C620F132DFF4E0009C878 /* AudioToolbox.framework */ = {isa = PBXFileReference; lastKnownFileType = wrapper.framework; name = AudioToolbox.framework; path = System/Library/Frameworks/AudioToolbox.framework; sourceTree = SDKROOT; };
		D6B0611A1803AB670077942B /* CoreMotion.framework */ = {isa = PBXFileReference; lastKnownFileType = wrapper.framework; name = CoreMotion.framework; path = Platforms/iPhoneOS.platform/Developer/SDKs/iPhoneOS7.0.sdk/System/Library/Frameworks/CoreMotion.framework; sourceTree = DEVELOPER_DIR; };
		ED545A7B1B68A1F400C3958E /* libiconv.dylib */ = {isa = PBXFileReference; lastKnownFileType = "compiled.mach-o.dylib"; name = libiconv.dylib; path = Platforms/iPhoneOS.platform/Developer/SDKs/iPhoneOS8.4.sdk/usr/lib/libiconv.dylib; sourceTree = DEVELOPER_DIR; };
		ED545A7D1B68A1FA00C3958E /* libiconv.dylib */ = {isa = PBXFileReference; lastKnownFileType = "compiled.mach-o.dylib"; name = libiconv.dylib; path = usr/lib/libiconv.dylib; sourceTree = SDKROOT; };
/* End PBXFileReference section */

/* Begin PBXFrameworksBuildPhase section */
		1D60588F0D05DD3D006BFB54 /* Frameworks */ = {
			isa = PBXFrameworksBuildPhase;
			buildActionMask = 2147483647;
			files = (
				ED545A7C1B68A1F400C3958E /* libiconv.dylib in Frameworks */,
				59CB6E4E1C16BA5400C8D368 /* libLoadBalancing-cpp_debug_iphonesimulator.a in Frameworks */,
				52B47A471A53D09C004E4C60 /* Security.framework in Frameworks */,
				1AC6FB30180E99EB004C840B /* libcocos2d iOS.a in Frameworks */,
				59CB6E501C16BA5400C8D368 /* libLoadBalancing-cpp_release_iphonesimulator.a in Frameworks */,
				5946C0D71C1451D700DCFD86 /* libCommon-cpp_debug_iphonesimulator.a in Frameworks */,
				5946CA501C1451D800DCFD86 /* libPhoton-cpp_debug_iphonesimulator.a in Frameworks */,
				D6B0611B1803AB670077942B /* CoreMotion.framework in Frameworks */,
				5946C0D61C1451D700DCFD86 /* libCommon-cpp_debug_iphoneos.a in Frameworks */,
				59CB6E4F1C16BA5400C8D368 /* libLoadBalancing-cpp_release_iphoneos.a in Frameworks */,
				1D60589F0D05DD5A006BFB54 /* Foundation.framework in Frameworks */,
				1DF5F4E00D08C38300B7A737 /* UIKit.framework in Frameworks */,
				288765A50DF7441C002DB57D /* CoreGraphics.framework in Frameworks */,
				5946C0D91C1451D700DCFD86 /* libCommon-cpp_release_iphonesimulator.a in Frameworks */,
				5946CA511C1451D800DCFD86 /* libPhoton-cpp_release_iphoneos.a in Frameworks */,
				5946C0D81C1451D700DCFD86 /* libCommon-cpp_release_iphoneos.a in Frameworks */,
				BF171245129291EC00B8313A /* OpenGLES.framework in Frameworks */,
				BF1712471292920000B8313A /* libz.dylib in Frameworks */,
				5946CA521C1451D800DCFD86 /* libPhoton-cpp_release_iphonesimulator.a in Frameworks */,
				BF1C47F01293687400B63C5D /* QuartzCore.framework in Frameworks */,
				D44C620C132DFF330009C878 /* OpenAL.framework in Frameworks */,
				59CB6E4D1C16BA5400C8D368 /* libLoadBalancing-cpp_debug_iphoneos.a in Frameworks */,
				D44C620E132DFF430009C878 /* AVFoundation.framework in Frameworks */,
				5946CA4F1C1451D800DCFD86 /* libPhoton-cpp_debug_iphoneos.a in Frameworks */,
				D44C6210132DFF4E0009C878 /* AudioToolbox.framework in Frameworks */,
			);
			runOnlyForDeploymentPostprocessing = 0;
		};
		5087E75C17EB910900C73F5D /* Frameworks */ = {
			isa = PBXFrameworksBuildPhase;
			buildActionMask = 2147483647;
			files = (
				ED545A7E1B68A1FA00C3958E /* libiconv.dylib in Frameworks */,
				1AC6FB21180E996B004C840B /* libcocos2d Mac.a in Frameworks */,
				5087E76717EB910900C73F5D /* libz.dylib in Frameworks */,
				8262943E1AAF051F00CB7CF7 /* Security.framework in Frameworks */,
				503AE11B17EB9C5A00D1A890 /* IOKit.framework in Frameworks */,
				5087E78B17EB975400C73F5D /* OpenGL.framework in Frameworks */,
				5087E78917EB974C00C73F5D /* AppKit.framework in Frameworks */,
				5087E76317EB910900C73F5D /* Foundation.framework in Frameworks */,
				5087E76817EB910900C73F5D /* QuartzCore.framework in Frameworks */,
				5087E76917EB910900C73F5D /* OpenAL.framework in Frameworks */,
				5087E76A17EB910900C73F5D /* AVFoundation.framework in Frameworks */,
				5087E76B17EB910900C73F5D /* AudioToolbox.framework in Frameworks */,
			);
			runOnlyForDeploymentPostprocessing = 0;
		};
/* End PBXFrameworksBuildPhase section */

/* Begin PBXGroup section */
		080E96DDFE201D6D7F000001 /* ios */ = {
			isa = PBXGroup;
			children = (
				5946B2931C1451C600DCFD86 /* Photon-iOS-SDK */,
				5087E77117EB970100C73F5D /* Icons */,
				503AE0FA17EB989F00D1A890 /* AppController.h */,
				503AE0FB17EB989F00D1A890 /* AppController.mm */,
				503AE0FC17EB989F00D1A890 /* main.m */,
				503AE0FD17EB989F00D1A890 /* Prefix.pch */,
				503AE0FE17EB989F00D1A890 /* RootViewController.h */,
				503AE0FF17EB989F00D1A890 /* RootViewController.mm */,
			);
			name = ios;
			path = Classes;
			sourceTree = "<group>";
		};
		19C28FACFE9D520D11CA2CBB /* Products */ = {
			isa = PBXGroup;
			children = (
				1D6058910D05DD3D006BFB54 /* MyPhoton-mobile.app */,
				5087E76F17EB910900C73F5D /* MyPhoton-desktop.app */,
			);
			name = Products;
			sourceTree = "<group>";
		};
		1AC6FAE6180E9839004C840B /* Products */ = {
			isa = PBXGroup;
			children = (
				1AC6FAF9180E9839004C840B /* libcocos2d Mac.a */,
				1AC6FB07180E9839004C840B /* libcocos2d iOS.a */,
			);
			name = Products;
			sourceTree = "<group>";
		};
		29B97314FDCFA39411CA2CEA /* CustomTemplate */ = {
			isa = PBXGroup;
			children = (
				46880B8319C43A87006E1F66 /* Classes */,
				46880B7519C43A67006E1F66 /* Resources */,
				1AC6FAE5180E9839004C840B /* cocos2d_libs.xcodeproj */,
				29B97323FDCFA39411CA2CEA /* Frameworks */,
				080E96DDFE201D6D7F000001 /* ios */,
				503AE10617EB990700D1A890 /* mac */,
				19C28FACFE9D520D11CA2CBB /* Products */,
			);
			name = CustomTemplate;
			sourceTree = "<group>";
		};
		29B97323FDCFA39411CA2CEA /* Frameworks */ = {
			isa = PBXGroup;
			children = (
				ED545A7D1B68A1FA00C3958E /* libiconv.dylib */,
				ED545A7B1B68A1F400C3958E /* libiconv.dylib */,
				8262943D1AAF051F00CB7CF7 /* Security.framework */,
				52B47A461A53D09B004E4C60 /* Security.framework */,
				D6B0611A1803AB670077942B /* CoreMotion.framework */,
				503AE11A17EB9C5A00D1A890 /* IOKit.framework */,
				503AE11117EB99EE00D1A890 /* libcurl.dylib */,
				5087E78A17EB975400C73F5D /* OpenGL.framework */,
				5087E78817EB974C00C73F5D /* AppKit.framework */,
				1ACB3243164770DE00914215 /* libcurl.a */,
				BF170DB412928DE900B8313A /* libz.dylib */,
				D44C620F132DFF4E0009C878 /* AudioToolbox.framework */,
				D44C620D132DFF430009C878 /* AVFoundation.framework */,
				288765A40DF7441C002DB57D /* CoreGraphics.framework */,
				1D30AB110D05D00D00671497 /* Foundation.framework */,
				D44C620B132DFF330009C878 /* OpenAL.framework */,
				BF170DB012928DE900B8313A /* OpenGLES.framework */,
				BF1C47EA1293683800B63C5D /* QuartzCore.framework */,
				1DF5F4DF0D08C38300B7A737 /* UIKit.framework */,
			);
			name = Frameworks;
			sourceTree = "<group>";
		};
		46880B7519C43A67006E1F66 /* Resources */ = {
			isa = PBXGroup;
			children = (
				521A8EA819F11F5000D177D7 /* fonts */,
				3EACC98E19EE6D4300EB3C5E /* res */,
				46880B7619C43A67006E1F66 /* CloseNormal.png */,
				46880B7719C43A67006E1F66 /* CloseSelected.png */,
				46880B7A19C43A67006E1F66 /* HelloWorld.png */,
			);
			name = Resources;
			path = ../Resources;
			sourceTree = "<group>";
		};
		46880B8319C43A87006E1F66 /* Classes */ = {
			isa = PBXGroup;
			children = (
				59CB6E1D1C16029300C8D368 /* NetworkLogic.cpp */,
				59CB6E1E1C16029300C8D368 /* NetworkLogic.h */,
				46880B8419C43A87006E1F66 /* AppDelegate.cpp */,
				46880B8519C43A87006E1F66 /* AppDelegate.h */,
				46880B8619C43A87006E1F66 /* HelloWorldScene.cpp */,
				46880B8719C43A87006E1F66 /* HelloWorldScene.h */,
			);
			name = Classes;
			path = ../Classes;
			sourceTree = "<group>";
		};
		503AE0F517EB97AB00D1A890 /* Icons */ = {
			isa = PBXGroup;
			children = (
				503AE0F617EB97AB00D1A890 /* Icon.icns */,
				503AE0F717EB97AB00D1A890 /* Info.plist */,
			);
			name = Icons;
			path = mac;
			sourceTree = SOURCE_ROOT;
		};
		503AE10617EB990700D1A890 /* mac */ = {
			isa = PBXGroup;
			children = (
				503AE0F517EB97AB00D1A890 /* Icons */,
				503AE10317EB98FF00D1A890 /* main.cpp */,
				503AE10417EB98FF00D1A890 /* Prefix.pch */,
			);
			name = mac;
			sourceTree = "<group>";
		};
		5087E77117EB970100C73F5D /* Icons */ = {
			isa = PBXGroup;
			children = (
				521A8E6219F0C34300D177D7 /* Default-667h@2x.png */,
				521A8E6319F0C34300D177D7 /* Default-736h@3x.png */,
				5087E77217EB970100C73F5D /* Default-568h@2x.png */,
				5087E77317EB970100C73F5D /* Default.png */,
				5087E77417EB970100C73F5D /* Default@2x.png */,
				50EF62A017ECD613001EB2F8 /* Icon-29.png */,
				50EF62A117ECD613001EB2F8 /* Icon-50.png */,
				50EF629217ECD46A001EB2F8 /* Icon-40.png */,
				50EF629317ECD46A001EB2F8 /* Icon-58.png */,
				50EF629417ECD46A001EB2F8 /* Icon-80.png */,
				50EF629517ECD46A001EB2F8 /* Icon-100.png */,
				5087E77517EB970100C73F5D /* Icon-114.png */,
				5087E77617EB970100C73F5D /* Icon-120.png */,
				5087E77717EB970100C73F5D /* Icon-144.png */,
				5087E77817EB970100C73F5D /* Icon-152.png */,
				5087E77917EB970100C73F5D /* Icon-57.png */,
				5087E77A17EB970100C73F5D /* Icon-72.png */,
				5087E77B17EB970100C73F5D /* Icon-76.png */,
				5087E77C17EB970100C73F5D /* Info.plist */,
			);
			name = Icons;
			path = ios;
			sourceTree = SOURCE_ROOT;
		};
		5946B2931C1451C600DCFD86 /* Photon-iOS-SDK */ = {
			isa = PBXGroup;
			children = (
				59CB6E201C16BA5400C8D368 /* LoadBalancing-cpp */,
				5946B2D81C1451C600DCFD86 /* Common-cpp */,
				5946C0841C1451D700DCFD86 /* Photon-cpp */,
			);
			name = "Photon-iOS-SDK";
			path = "Photon-iOS-Sdk";
			sourceTree = SOURCE_ROOT;
		};
		5946B2D81C1451C600DCFD86 /* Common-cpp */ = {
			isa = PBXGroup;
			children = (
				5946B2D91C1451C600DCFD86 /* inc */,
				5946B3181C1451C600DCFD86 /* lib */,
			);
			path = "Common-cpp";
			sourceTree = "<group>";
		};
		5946B2D91C1451C600DCFD86 /* inc */ = {
			isa = PBXGroup;
			children = (
				5946B2DA1C1451C600DCFD86 /* ANSIString.h */,
				5946B2DB1C1451C600DCFD86 /* Base.h */,
				5946B2DC1C1451C600DCFD86 /* BaseCharString.h */,
				5946B2DD1C1451C600DCFD86 /* BaseListener.h */,
				5946B2DE1C1451C600DCFD86 /* Common.h */,
				5946B2DF1C1451C600DCFD86 /* CustomType.h */,
				5946B2E01C1451C600DCFD86 /* CustomTypeBase.h */,
				5946B2E11C1451C600DCFD86 /* CustomTypeFactory.h */,
				5946B2E21C1451C600DCFD86 /* defines.h */,
				5946B2E31C1451C600DCFD86 /* DeSerializer.h */,
				5946B2E41C1451C600DCFD86 /* Dictionary.h */,
				5946B2E51C1451C600DCFD86 /* DictionaryBase.h */,
				5946B2E61C1451C600DCFD86 /* EGTime.h */,
				5946B2E71C1451C600DCFD86 /* Enums */,
				5946B2EA1C1451C600DCFD86 /* Hashtable.h */,
				5946B2EB1C1451C600DCFD86 /* Helpers */,
				5946B3041C1451C600DCFD86 /* JString.h */,
				5946B3051C1451C600DCFD86 /* JVector.h */,
				5946B3061C1451C600DCFD86 /* KeyObject.h */,
				5946B3071C1451C600DCFD86 /* Logger.h */,
				5946B3081C1451C600DCFD86 /* MemoryManagement */,
				5946B3101C1451C600DCFD86 /* Object.h */,
				5946B3111C1451C600DCFD86 /* platform_definition.h */,
				5946B3121C1451C600DCFD86 /* platformLayer.h */,
				5946B3131C1451C600DCFD86 /* porting.h */,
				5946B3141C1451C600DCFD86 /* Serializer.h */,
				5946B3151C1451C600DCFD86 /* ToString.h */,
				5946B3161C1451C600DCFD86 /* UTF8String.h */,
				5946B3171C1451C600DCFD86 /* ValueObject.h */,
			);
			path = inc;
			sourceTree = "<group>";
		};
		5946B2E71C1451C600DCFD86 /* Enums */ = {
			isa = PBXGroup;
			children = (
				5946B2E81C1451C600DCFD86 /* DebugLevel.h */,
				5946B2E91C1451C600DCFD86 /* TypeCode.h */,
			);
			path = Enums;
			sourceTree = "<group>";
		};
		5946B2EB1C1451C600DCFD86 /* Helpers */ = {
			isa = PBXGroup;
			children = (
				5946B2EC1C1451C600DCFD86 /* ArrayLengthType.h */,
				5946B2ED1C1451C600DCFD86 /* CompileTimeAssertTrue.h */,
				5946B2EE1C1451C600DCFD86 /* ConfirmAllowed.h */,
				5946B2EF1C1451C600DCFD86 /* ConfirmAllowedKey.h */,
				5946B2F01C1451C600DCFD86 /* CustomTypeCallbackWrapper.h */,
				5946B2F11C1451C600DCFD86 /* Data.h */,
				5946B2F21C1451C600DCFD86 /* debug_assert.h */,
				5946B2F31C1451C600DCFD86 /* DeSerializerImplementation.h */,
				5946B2F41C1451C600DCFD86 /* EnableIf.h */,
				5946B2F51C1451C600DCFD86 /* EndianCorrectCast.h */,
				5946B2F61C1451C600DCFD86 /* EndianCorrectCastImplementation.h */,
				5946B2F71C1451C600DCFD86 /* IsDerivedFrom.h */,
				5946B2F81C1451C600DCFD86 /* IsPrimitiveType.h */,
				5946B2F91C1451C600DCFD86 /* KeyToObject.h */,
				5946B2FA1C1451C600DCFD86 /* MathHelper.h */,
				5946B2FB1C1451C600DCFD86 /* ObjectToStringConverter.h */,
				5946B2FC1C1451C600DCFD86 /* PrimitiveToStringConverter.h */,
				5946B2FD1C1451C600DCFD86 /* RemoveConst.h */,
				5946B2FE1C1451C600DCFD86 /* RemovePointer.h */,
				5946B2FF1C1451C600DCFD86 /* SerializerImplementation.h */,
				5946B3001C1451C600DCFD86 /* Thread.h */,
				5946B3011C1451C600DCFD86 /* ToStringImplementation.h */,
				5946B3021C1451C600DCFD86 /* TypeName.h */,
				5946B3031C1451C600DCFD86 /* ValueToObject.h */,
			);
			path = Helpers;
			sourceTree = "<group>";
		};
		5946B3081C1451C600DCFD86 /* MemoryManagement */ = {
			isa = PBXGroup;
			children = (
				5946B3091C1451C600DCFD86 /* Allocate.h */,
				5946B30A1C1451C600DCFD86 /* Internal */,
			);
			path = MemoryManagement;
			sourceTree = "<group>";
		};
		5946B30A1C1451C600DCFD86 /* Internal */ = {
			isa = PBXGroup;
			children = (
				5946B30B1C1451C600DCFD86 /* Entry.h */,
				5946B30C1C1451C600DCFD86 /* Interface.h */,
				5946B30D1C1451C600DCFD86 /* MemoryPool.h */,
				5946B30E1C1451C600DCFD86 /* MemoryPoolManager.h */,
				5946B30F1C1451C600DCFD86 /* RawStorage.h */,
			);
			path = Internal;
			sourceTree = "<group>";
		};
		5946B3181C1451C600DCFD86 /* lib */ = {
			isa = PBXGroup;
			children = (
				5946B3191C1451C600DCFD86 /* libCommon-cpp_debug_iphoneos.a */,
				5946B31A1C1451C600DCFD86 /* libCommon-cpp_debug_iphonesimulator.a */,
				5946B31B1C1451C600DCFD86 /* libCommon-cpp_release_iphoneos.a */,
				5946B31C1C1451C600DCFD86 /* libCommon-cpp_release_iphonesimulator.a */,
			);
			path = lib;
			sourceTree = "<group>";
		};
		5946C0841C1451D700DCFD86 /* Photon-cpp */ = {
			isa = PBXGroup;
			children = (
				5946C0851C1451D700DCFD86 /* inc */,
				5946C09A1C1451D700DCFD86 /* lib */,
			);
			path = "Photon-cpp";
			sourceTree = "<group>";
		};
		5946C0851C1451D700DCFD86 /* inc */ = {
			isa = PBXGroup;
			children = (
				5946C0861C1451D700DCFD86 /* Enums */,
				5946C0921C1451D700DCFD86 /* EventData.h */,
				5946C0931C1451D700DCFD86 /* LitePeer.h */,
				5946C0941C1451D700DCFD86 /* OperationRequest.h */,
				5946C0951C1451D700DCFD86 /* OperationResponse.h */,
				5946C0961C1451D700DCFD86 /* PhotonListener.h */,
				5946C0971C1451D700DCFD86 /* PhotonPeer.h */,
				5946C0981C1451D700DCFD86 /* TrafficStats.h */,
				5946C0991C1451D700DCFD86 /* TrafficStatsGameLevel.h */,
			);
			path = inc;
			sourceTree = "<group>";
		};
		5946C0861C1451D700DCFD86 /* Enums */ = {
			isa = PBXGroup;
			children = (
				5946C0871C1451D700DCFD86 /* ConnectionProtocol.h */,
				5946C0881C1451D700DCFD86 /* ErrorCode.h */,
				5946C0891C1451D700DCFD86 /* EventCache.h */,
				5946C08A1C1451D700DCFD86 /* EventCode.h */,
				5946C08B1C1451D700DCFD86 /* EventKey.h */,
				5946C08C1C1451D700DCFD86 /* NetworkPort.h */,
				5946C08D1C1451D700DCFD86 /* OperationCode.h */,
				5946C08E1C1451D700DCFD86 /* ParameterCode.h */,
				5946C08F1C1451D700DCFD86 /* PeerState.h */,
				5946C0901C1451D700DCFD86 /* ReceiverGroup.h */,
				5946C0911C1451D700DCFD86 /* StatusCode.h */,
			);
			path = Enums;
			sourceTree = "<group>";
		};
		5946C09A1C1451D700DCFD86 /* lib */ = {
			isa = PBXGroup;
			children = (
				5946C09B1C1451D700DCFD86 /* libPhoton-cpp_debug_iphoneos.a */,
				5946C09C1C1451D700DCFD86 /* libPhoton-cpp_debug_iphonesimulator.a */,
				5946C09D1C1451D700DCFD86 /* libPhoton-cpp_release_iphoneos.a */,
				5946C09E1C1451D700DCFD86 /* libPhoton-cpp_release_iphonesimulator.a */,
			);
			path = lib;
			sourceTree = "<group>";
		};
		59CB6E201C16BA5400C8D368 /* LoadBalancing-cpp */ = {
			isa = PBXGroup;
			children = (
				59CB6E211C16BA5400C8D368 /* inc */,
				59CB6E481C16BA5400C8D368 /* lib */,
			);
			path = "LoadBalancing-cpp";
			sourceTree = "<group>";
		};
		59CB6E211C16BA5400C8D368 /* inc */ = {
			isa = PBXGroup;
			children = (
				59CB6E221C16BA5400C8D368 /* AuthenticationValues.h */,
				59CB6E231C16BA5400C8D368 /* Client.h */,
				59CB6E241C16BA5400C8D368 /* Enums */,
				59CB6E2C1C16BA5400C8D368 /* FriendInfo.h */,
				59CB6E2D1C16BA5400C8D368 /* Internal */,
				59CB6E401C16BA5400C8D368 /* Listener.h */,
				59CB6E411C16BA5400C8D368 /* LobbyStatsRequest.h */,
				59CB6E421C16BA5400C8D368 /* LobbyStatsResponse.h */,
				59CB6E431C16BA5400C8D368 /* MutablePlayer.h */,
				59CB6E441C16BA5400C8D368 /* MutableRoom.h */,
				59CB6E451C16BA5400C8D368 /* Peer.h */,
				59CB6E461C16BA5400C8D368 /* Player.h */,
				59CB6E471C16BA5400C8D368 /* Room.h */,
			);
			path = inc;
			sourceTree = "<group>";
		};
		59CB6E241C16BA5400C8D368 /* Enums */ = {
			isa = PBXGroup;
			children = (
				59CB6E251C16BA5400C8D368 /* CustomAuthenticationType.h */,
				59CB6E261C16BA5400C8D368 /* DisconnectCause.h */,
				59CB6E271C16BA5400C8D368 /* ErrorCode.h */,
				59CB6E281C16BA5400C8D368 /* LobbyType.h */,
				59CB6E291C16BA5400C8D368 /* MatchmakingMode.h */,
				59CB6E2A1C16BA5400C8D368 /* PeerStates.h */,
				59CB6E2B1C16BA5400C8D368 /* ServerType.h */,
			);
			path = Enums;
			sourceTree = "<group>";
		};
		59CB6E2D1C16BA5400C8D368 /* Internal */ = {
			isa = PBXGroup;
			children = (
				59CB6E2E1C16BA5400C8D368 /* AuthenticationValuesSecretSetter.h */,
				59CB6E2F1C16BA5400C8D368 /* Enums */,
				59CB6E371C16BA5400C8D368 /* MutablePlayerFactory.h */,
				59CB6E381C16BA5400C8D368 /* MutableRoomFactory.h */,
				59CB6E391C16BA5400C8D368 /* PlayerFactory.h */,
				59CB6E3A1C16BA5400C8D368 /* PlayerMovementInformant.h */,
				59CB6E3B1C16BA5400C8D368 /* PlayerPropertiesCacher.h */,
				59CB6E3C1C16BA5400C8D368 /* PlayerPropertiesUpdateInformant.h */,
				59CB6E3D1C16BA5400C8D368 /* RoomFactory.h */,
				59CB6E3E1C16BA5400C8D368 /* RoomPropertiesCacher.h */,
				59CB6E3F1C16BA5400C8D368 /* Utils.h */,
			);
			path = Internal;
			sourceTree = "<group>";
		};
		59CB6E2F1C16BA5400C8D368 /* Enums */ = {
			isa = PBXGroup;
			children = (
				59CB6E301C16BA5400C8D368 /* EventCode.h */,
				59CB6E311C16BA5400C8D368 /* JoinType.h */,
				59CB6E321C16BA5400C8D368 /* OperationCode.h */,
				59CB6E331C16BA5400C8D368 /* ParameterCode.h */,
				59CB6E341C16BA5400C8D368 /* Properties */,
			);
			path = Enums;
			sourceTree = "<group>";
		};
		59CB6E341C16BA5400C8D368 /* Properties */ = {
			isa = PBXGroup;
			children = (
				59CB6E351C16BA5400C8D368 /* Player.h */,
				59CB6E361C16BA5400C8D368 /* Room.h */,
			);
			path = Properties;
			sourceTree = "<group>";
		};
		59CB6E481C16BA5400C8D368 /* lib */ = {
			isa = PBXGroup;
			children = (
				59CB6E491C16BA5400C8D368 /* libLoadBalancing-cpp_debug_iphoneos.a */,
				59CB6E4A1C16BA5400C8D368 /* libLoadBalancing-cpp_debug_iphonesimulator.a */,
				59CB6E4B1C16BA5400C8D368 /* libLoadBalancing-cpp_release_iphoneos.a */,
				59CB6E4C1C16BA5400C8D368 /* libLoadBalancing-cpp_release_iphonesimulator.a */,
			);
			path = lib;
			sourceTree = "<group>";
		};
/* End PBXGroup section */

/* Begin PBXNativeTarget section */
		1D6058900D05DD3D006BFB54 /* MyPhoton-mobile */ = {
			isa = PBXNativeTarget;
			buildConfigurationList = 1D6058960D05DD3E006BFB54 /* Build configuration list for PBXNativeTarget "MyPhoton-mobile" */;
			buildPhases = (
				1D60588D0D05DD3D006BFB54 /* Resources */,
				1D60588E0D05DD3D006BFB54 /* Sources */,
				1D60588F0D05DD3D006BFB54 /* Frameworks */,
			);
			buildRules = (
			);
			dependencies = (
				1AC6FB25180E99E1004C840B /* PBXTargetDependency */,
			);
			name = "MyPhoton-mobile";
			productName = iphone;
			productReference = 1D6058910D05DD3D006BFB54 /* MyPhoton-mobile.app */;
			productType = "com.apple.product-type.application";
		};
		5087E73D17EB910900C73F5D /* MyPhoton-desktop */ = {
			isa = PBXNativeTarget;
			buildConfigurationList = 5087E76C17EB910900C73F5D /* Build configuration list for PBXNativeTarget "MyPhoton-desktop" */;
			buildPhases = (
				5087E74817EB910900C73F5D /* Resources */,
				5087E75617EB910900C73F5D /* Sources */,
				5087E75C17EB910900C73F5D /* Frameworks */,
			);
			buildRules = (
			);
			dependencies = (
				1AC6FB16180E9959004C840B /* PBXTargetDependency */,
			);
			name = "MyPhoton-desktop";
			productName = iphone;
			productReference = 5087E76F17EB910900C73F5D /* MyPhoton-desktop.app */;
			productType = "com.apple.product-type.application";
		};
/* End PBXNativeTarget section */

/* Begin PBXProject section */
		29B97313FDCFA39411CA2CEA /* Project object */ = {
			isa = PBXProject;
			attributes = {
				LastUpgradeCheck = 0500;
				TargetAttributes = {
					1D6058900D05DD3D006BFB54 = {
						DevelopmentTeam = 56Y5QT5GL8;
					};
				};
			};
			buildConfigurationList = C01FCF4E08A954540054247B /* Build configuration list for PBXProject "MyPhoton" */;
			compatibilityVersion = "Xcode 3.2";
			developmentRegion = English;
			hasScannedForEncodings = 1;
			knownRegions = (
				English,
				Japanese,
				French,
				German,
				en,
				Base,
			);
			mainGroup = 29B97314FDCFA39411CA2CEA /* CustomTemplate */;
			projectDirPath = "";
			projectReferences = (
				{
					ProductGroup = 1AC6FAE6180E9839004C840B /* Products */;
					ProjectRef = 1AC6FAE5180E9839004C840B /* cocos2d_libs.xcodeproj */;
				},
			);
			projectRoot = "";
			targets = (
				1D6058900D05DD3D006BFB54 /* MyPhoton-mobile */,
				5087E73D17EB910900C73F5D /* MyPhoton-desktop */,
			);
		};
/* End PBXProject section */

/* Begin PBXReferenceProxy section */
		1AC6FAF9180E9839004C840B /* libcocos2d Mac.a */ = {
			isa = PBXReferenceProxy;
			fileType = archive.ar;
			path = "libcocos2d Mac.a";
			remoteRef = 1AC6FAF8180E9839004C840B /* PBXContainerItemProxy */;
			sourceTree = BUILT_PRODUCTS_DIR;
		};
		1AC6FB07180E9839004C840B /* libcocos2d iOS.a */ = {
			isa = PBXReferenceProxy;
			fileType = archive.ar;
			path = "libcocos2d iOS.a";
			remoteRef = 1AC6FB06180E9839004C840B /* PBXContainerItemProxy */;
			sourceTree = BUILT_PRODUCTS_DIR;
		};
/* End PBXReferenceProxy section */

/* Begin PBXResourcesBuildPhase section */
		1D60588D0D05DD3D006BFB54 /* Resources */ = {
			isa = PBXResourcesBuildPhase;
			buildActionMask = 2147483647;
			files = (
				5087E78117EB970100C73F5D /* Icon-120.png in Resources */,
				5087E78617EB970100C73F5D /* Icon-76.png in Resources */,
				5087E77F17EB970100C73F5D /* Default@2x.png in Resources */,
				50EF629917ECD46A001EB2F8 /* Icon-100.png in Resources */,
				5087E78317EB970100C73F5D /* Icon-152.png in Resources */,
				46880B8119C43A67006E1F66 /* HelloWorld.png in Resources */,
				46880B7D19C43A67006E1F66 /* CloseSelected.png in Resources */,
				5087E77D17EB970100C73F5D /* Default-568h@2x.png in Resources */,
				5087E78517EB970100C73F5D /* Icon-72.png in Resources */,
				521A8E6519F0C34300D177D7 /* Default-736h@3x.png in Resources */,
				521A8EA919F11F5000D177D7 /* fonts in Resources */,
				50EF62A317ECD613001EB2F8 /* Icon-50.png in Resources */,
				5087E78017EB970100C73F5D /* Icon-114.png in Resources */,
				50EF62A217ECD613001EB2F8 /* Icon-29.png in Resources */,
				50EF629617ECD46A001EB2F8 /* Icon-40.png in Resources */,
				5087E78217EB970100C73F5D /* Icon-144.png in Resources */,
				3EACC98F19EE6D4300EB3C5E /* res in Resources */,
				50EF629817ECD46A001EB2F8 /* Icon-80.png in Resources */,
				5087E78417EB970100C73F5D /* Icon-57.png in Resources */,
				5087E77E17EB970100C73F5D /* Default.png in Resources */,
				521A8E6419F0C34300D177D7 /* Default-667h@2x.png in Resources */,
				46880B7B19C43A67006E1F66 /* CloseNormal.png in Resources */,
				50EF629717ECD46A001EB2F8 /* Icon-58.png in Resources */,
			);
			runOnlyForDeploymentPostprocessing = 0;
		};
		5087E74817EB910900C73F5D /* Resources */ = {
			isa = PBXResourcesBuildPhase;
			buildActionMask = 2147483647;
			files = (
				46880B8219C43A67006E1F66 /* HelloWorld.png in Resources */,
				503AE0F817EB97AB00D1A890 /* Icon.icns in Resources */,
				3EACC99019EE6D4300EB3C5E /* res in Resources */,
				521A8EAA19F11F5000D177D7 /* fonts in Resources */,
				46880B7C19C43A67006E1F66 /* CloseNormal.png in Resources */,
				46880B7E19C43A67006E1F66 /* CloseSelected.png in Resources */,
			);
			runOnlyForDeploymentPostprocessing = 0;
		};
/* End PBXResourcesBuildPhase section */

/* Begin PBXSourcesBuildPhase section */
		1D60588E0D05DD3D006BFB54 /* Sources */ = {
			isa = PBXSourcesBuildPhase;
			buildActionMask = 2147483647;
			files = (
				46880B8819C43A87006E1F66 /* AppDelegate.cpp in Sources */,
				59CB6E1F1C16029300C8D368 /* NetworkLogic.cpp in Sources */,
				46880B8A19C43A87006E1F66 /* HelloWorldScene.cpp in Sources */,
				503AE10017EB989F00D1A890 /* AppController.mm in Sources */,
				503AE10217EB989F00D1A890 /* RootViewController.mm in Sources */,
				503AE10117EB989F00D1A890 /* main.m in Sources */,
			);
			runOnlyForDeploymentPostprocessing = 0;
		};
		5087E75617EB910900C73F5D /* Sources */ = {
			isa = PBXSourcesBuildPhase;
			buildActionMask = 2147483647;
			files = (
				46880B8919C43A87006E1F66 /* AppDelegate.cpp in Sources */,
				503AE10517EB98FF00D1A890 /* main.cpp in Sources */,
				46880B8B19C43A87006E1F66 /* HelloWorldScene.cpp in Sources */,
			);
			runOnlyForDeploymentPostprocessing = 0;
		};
/* End PBXSourcesBuildPhase section */

/* Begin PBXTargetDependency section */
		1AC6FB16180E9959004C840B /* PBXTargetDependency */ = {
			isa = PBXTargetDependency;
			name = "cocos2dx Mac";
			targetProxy = 1AC6FB15180E9959004C840B /* PBXContainerItemProxy */;
		};
		1AC6FB25180E99E1004C840B /* PBXTargetDependency */ = {
			isa = PBXTargetDependency;
			name = "cocos2dx iOS";
			targetProxy = 1AC6FB24180E99E1004C840B /* PBXContainerItemProxy */;
		};
/* End PBXTargetDependency section */

/* Begin XCBuildConfiguration section */
		1D6058940D05DD3E006BFB54 /* Debug */ = {
			isa = XCBuildConfiguration;
			buildSettings = {
				ALWAYS_SEARCH_USER_PATHS = YES;
				CODE_SIGN_IDENTITY = "iPhone Developer";
				"CODE_SIGN_IDENTITY[sdk=iphoneos*]" = "iPhone Developer";
				COMPRESS_PNG_FILES = NO;
				ENABLE_BITCODE = NO;
				GCC_DYNAMIC_NO_PIC = NO;
				GCC_INLINES_ARE_PRIVATE_EXTERN = NO;
				GCC_PRECOMPILE_PREFIX_HEADER = YES;
				GCC_PREFIX_HEADER = ios/Prefix.pch;
				GCC_PREPROCESSOR_DEFINITIONS = (
					USE_FILE32API,
					CC_TARGET_OS_IPHONE,
					"COCOS2D_DEBUG=1",
					"CC_ENABLE_CHIPMUNK_INTEGRATION=1",
				);
				GCC_SYMBOLS_PRIVATE_EXTERN = NO;
				HEADER_SEARCH_PATHS = (
					"$(inherited)",
					"$(SRCROOT)/../cocos2d/cocos/platform/ios",
					"$(SRCROOT)/../cocos2d/cocos/platform/ios/Simulation",
					"$(SRCROOT)/Photon-iOS-SDK",
				);
				INFOPLIST_FILE = ios/Info.plist;
				IPHONEOS_DEPLOYMENT_TARGET = 6.0;
				LIBRARY_SEARCH_PATHS = (
					"$(PROJECT_DIR)/Photon-iOS-SDK/Common-cpp/lib",
					"$(PROJECT_DIR)/Photon-iOS-SDK/Photon-cpp/lib",
					"$(PROJECT_DIR)/Photon-iOS-SDK/LoadBalancing-cpp/lib",
				);
				ONLY_ACTIVE_ARCH = YES;
				OTHER_LDFLAGS = (
					"$(_COCOS_LIB_IOS_BEGIN)",
					"$(_COCOS_LIB_IOS_END)",
					"-lPhoton-cpp_$(CONFIGURATION)_$(PLATFORM_NAME)",
					"-lCommon-cpp_$(CONFIGURATION)_$(PLATFORM_NAME)",
					"-lLoadBalancing-cpp_$(CONFIGURATION)_$(PLATFORM_NAME)",
				);
				PRODUCT_BUNDLE_IDENTIFIER = ihave.photon;
				PROVISIONING_PROFILE = "";
				SDKROOT = iphoneos;
				TARGETED_DEVICE_FAMILY = "1,2";
				USER_HEADER_SEARCH_PATHS = "$(_COCOS_HEADER_IOS_BEGIN) $(_COCOS_HEADER_IOS_END)";
				VALID_ARCHS = "armv7 arm64";
			};
			name = Debug;
		};
		1D6058950D05DD3E006BFB54 /* Release */ = {
			isa = XCBuildConfiguration;
			buildSettings = {
				ALWAYS_SEARCH_USER_PATHS = YES;
				CODE_SIGN_IDENTITY = "iPhone Developer";
				"CODE_SIGN_IDENTITY[sdk=iphoneos*]" = "iPhone Developer";
				COMPRESS_PNG_FILES = NO;
				ENABLE_BITCODE = NO;
				GCC_INLINES_ARE_PRIVATE_EXTERN = NO;
				GCC_PRECOMPILE_PREFIX_HEADER = YES;
				GCC_PREFIX_HEADER = ios/Prefix.pch;
				GCC_PREPROCESSOR_DEFINITIONS = (
					USE_FILE32API,
					CC_TARGET_OS_IPHONE,
					"CC_ENABLE_CHIPMUNK_INTEGRATION=1",
				);
				GCC_SYMBOLS_PRIVATE_EXTERN = NO;
				HEADER_SEARCH_PATHS = (
					"$(inherited)",
					"$(SRCROOT)/../cocos2d/cocos/platform/ios",
					"$(SRCROOT)/../cocos2d/cocos/platform/ios/Simulation",
					"$(SRCROOT)/Photon-iOS-SDK",
				);
				INFOPLIST_FILE = ios/Info.plist;
				IPHONEOS_DEPLOYMENT_TARGET = 6.0;
				LIBRARY_SEARCH_PATHS = (
					"$(PROJECT_DIR)/Photon-iOS-SDK/Common-cpp/lib",
					"$(PROJECT_DIR)/Photon-iOS-SDK/Photon-cpp/lib",
					"$(PROJECT_DIR)/Photon-iOS-SDK/LoadBalancing-cpp/lib",
				);
				ONLY_ACTIVE_ARCH = NO;
				OTHER_LDFLAGS = (
					"$(_COCOS_LIB_IOS_BEGIN)",
					"$(_COCOS_LIB_IOS_END)",
					"-lPhoton-cpp_$(CONFIGURATION)_$(PLATFORM_NAME)",
					"-lCommon-cpp_$(CONFIGURATION)_$(PLATFORM_NAME)",
					"-lLoadBalancing-cpp_$(CONFIGURATION)_$(PLATFORM_NAME)",
				);
				PRODUCT_BUNDLE_IDENTIFIER = ihave.photon;
				PROVISIONING_PROFILE = "";
				SDKROOT = iphoneos;
				TARGETED_DEVICE_FAMILY = "1,2";
				USER_HEADER_SEARCH_PATHS = "$(_COCOS_HEADER_IOS_BEGIN) $(_COCOS_HEADER_IOS_END)";
				VALID_ARCHS = "armv7 arm64";
			};
			name = Release;
		};
		5087E76D17EB910900C73F5D /* Debug */ = {
			isa = XCBuildConfiguration;
			buildSettings = {
				ALWAYS_SEARCH_USER_PATHS = YES;
				ARCHS = "$(ARCHS_STANDARD_64_BIT)";
				CLANG_CXX_LANGUAGE_STANDARD = "c++0x";
				CLANG_CXX_LIBRARY = "libc++";
				GCC_DYNAMIC_NO_PIC = NO;
				GCC_INLINES_ARE_PRIVATE_EXTERN = NO;
				GCC_PRECOMPILE_PREFIX_HEADER = YES;
				GCC_PREFIX_HEADER = mac/Prefix.pch;
				GCC_PREPROCESSOR_DEFINITIONS = (
					USE_FILE32API,
					CC_TARGET_OS_MAC,
					"COCOS2D_DEBUG=1",
					"CC_ENABLE_CHIPMUNK_INTEGRATION=1",
				);
				GCC_SYMBOLS_PRIVATE_EXTERN = NO;
				HEADER_SEARCH_PATHS = (
					"$(inherited)",
					"$(SRCROOT)/../cocos2d/cocos/platform/mac",
					"$(SRCROOT)/../cocos2d/external/glfw3/include/mac",
				);
				INFOPLIST_FILE = mac/Info.plist;
				LIBRARY_SEARCH_PATHS = "";
				OTHER_LDFLAGS = (
					"$(_COCOS_LIB_MAC_BEGIN)",
					"$(_COCOS_LIB_MAC_END)",
				);
				USER_HEADER_SEARCH_PATHS = "$(_COCOS_HEADER_MAC_BEGIN) $(_COCOS_HEADER_MAC_END)";
			};
			name = Debug;
		};
		5087E76E17EB910900C73F5D /* Release */ = {
			isa = XCBuildConfiguration;
			buildSettings = {
				ALWAYS_SEARCH_USER_PATHS = YES;
				ARCHS = "$(ARCHS_STANDARD_64_BIT)";
				CLANG_CXX_LANGUAGE_STANDARD = "c++0x";
				CLANG_CXX_LIBRARY = "libc++";
				GCC_INLINES_ARE_PRIVATE_EXTERN = NO;
				GCC_PRECOMPILE_PREFIX_HEADER = YES;
				GCC_PREFIX_HEADER = mac/Prefix.pch;
				GCC_PREPROCESSOR_DEFINITIONS = (
					USE_FILE32API,
					CC_TARGET_OS_MAC,
					"CC_ENABLE_CHIPMUNK_INTEGRATION=1",
				);
				GCC_SYMBOLS_PRIVATE_EXTERN = NO;
				HEADER_SEARCH_PATHS = (
					"$(inherited)",
					"$(SRCROOT)/../cocos2d/cocos/platform/mac",
					"$(SRCROOT)/../cocos2d/external/glfw3/include/mac",
				);
				INFOPLIST_FILE = mac/Info.plist;
				LIBRARY_SEARCH_PATHS = "";
				OTHER_LDFLAGS = (
					"$(_COCOS_LIB_MAC_BEGIN)",
					"$(_COCOS_LIB_MAC_END)",
				);
				USER_HEADER_SEARCH_PATHS = "$(_COCOS_HEADER_MAC_BEGIN) $(_COCOS_HEADER_MAC_END)";
			};
			name = Release;
		};
		C01FCF4F08A954540054247B /* Debug */ = {
			isa = XCBuildConfiguration;
			buildSettings = {
				CLANG_CXX_LANGUAGE_STANDARD = "c++0x";
				CLANG_CXX_LIBRARY = "libc++";
				COPY_PHASE_STRIP = NO;
				GCC_OPTIMIZATION_LEVEL = 0;
				GCC_WARN_ABOUT_RETURN_TYPE = YES;
				GCC_WARN_UNUSED_VARIABLE = YES;
				HEADER_SEARCH_PATHS = (
					"$(SRCROOT)/../cocos2d",
					"$(SRCROOT)/../cocos2d/cocos",
					"$(SRCROOT)/../cocos2d/cocos/base",
					"$(SRCROOT)/../cocos2d/cocos/physics",
					"$(SRCROOT)/../cocos2d/cocos/math",
					"$(SRCROOT)/../cocos2d/cocos/2d",
					"$(SRCROOT)/../cocos2d/cocos/ui",
					"$(SRCROOT)/../cocos2d/cocos/network",
					"$(SRCROOT)/../cocos2d/cocos/audio/include",
					"$(SRCROOT)/../cocos2d/cocos/editor-support",
					"$(SRCROOT)/../cocos2d/extensions",
					"$(SRCROOT)/../cocos2d/external",
					"$(SRCROOT)/../cocos2d/external/chipmunk/include/chipmunk",
				);
				IPHONEOS_DEPLOYMENT_TARGET = 6.0;
				MACOSX_DEPLOYMENT_TARGET = 10.7;
				ONLY_ACTIVE_ARCH = YES;
				PRODUCT_NAME = "$(TARGET_NAME)";
				SDKROOT = macosx;
			};
			name = Debug;
		};
		C01FCF5008A954540054247B /* Release */ = {
			isa = XCBuildConfiguration;
			buildSettings = {
				CLANG_CXX_LANGUAGE_STANDARD = "c++0x";
				CLANG_CXX_LIBRARY = "libc++";
				GCC_WARN_ABOUT_RETURN_TYPE = YES;
				GCC_WARN_UNUSED_VARIABLE = YES;
				HEADER_SEARCH_PATHS = (
					"$(SRCROOT)/../cocos2d",
					"$(SRCROOT)/../cocos2d/cocos",
					"$(SRCROOT)/../cocos2d/cocos/base",
					"$(SRCROOT)/../cocos2d/cocos/physics",
					"$(SRCROOT)/../cocos2d/cocos/math",
					"$(SRCROOT)/../cocos2d/cocos/2d",
					"$(SRCROOT)/../cocos2d/cocos/ui",
					"$(SRCROOT)/../cocos2d/cocos/network",
					"$(SRCROOT)/../cocos2d/cocos/audio/include",
					"$(SRCROOT)/../cocos2d/cocos/editor-support",
					"$(SRCROOT)/../cocos2d/extensions",
					"$(SRCROOT)/../cocos2d/external",
					"$(SRCROOT)/../cocos2d/external/chipmunk/include/chipmunk",
				);
				IPHONEOS_DEPLOYMENT_TARGET = 6.0;
				MACOSX_DEPLOYMENT_TARGET = 10.7;
				OTHER_CFLAGS = "-DNS_BLOCK_ASSERTIONS=1";
				PRODUCT_NAME = "$(TARGET_NAME)";
				SDKROOT = macosx;
				VALIDATE_PRODUCT = YES;
			};
			name = Release;
		};
/* End XCBuildConfiguration section */

/* Begin XCConfigurationList section */
		1D6058960D05DD3E006BFB54 /* Build configuration list for PBXNativeTarget "MyPhoton-mobile" */ = {
			isa = XCConfigurationList;
			buildConfigurations = (
				1D6058940D05DD3E006BFB54 /* Debug */,
				1D6058950D05DD3E006BFB54 /* Release */,
			);
			defaultConfigurationIsVisible = 0;
			defaultConfigurationName = Debug;
		};
		5087E76C17EB910900C73F5D /* Build configuration list for PBXNativeTarget "MyPhoton-desktop" */ = {
			isa = XCConfigurationList;
			buildConfigurations = (
				5087E76D17EB910900C73F5D /* Debug */,
				5087E76E17EB910900C73F5D /* Release */,
			);
			defaultConfigurationIsVisible = 0;
			defaultConfigurationName = Debug;
		};
		C01FCF4E08A954540054247B /* Build configuration list for PBXProject "MyPhoton" */ = {
			isa = XCConfigurationList;
			buildConfigurations = (
				C01FCF4F08A954540054247B /* Debug */,
				C01FCF5008A954540054247B /* Release */,
			);
			defaultConfigurationIsVisible = 0;
			defaultConfigurationName = Debug;
		};
/* End XCConfigurationList section */
	};
	rootObject = 29B97313FDCFA39411CA2CEA /* Project object */;
}
